# This file is automatically @generated by Cargo.
# It is not intended for manual editing.
version = 4

[[package]]
name = "rnx"
version = "0.0.0"

[[package]]
name = "rnx-polars"
version = "0.0.0"
dependencies = [
 "rnx",
]

[[package]]
name = "rnx-project-app"
version = "0.0.0"
dependencies = [
 "rnx",
 "rnx-polars",
]
