{
  "format": 4,
  "declarations": {
    "format": 2,
    "application": {
      "entry": "entry.rn"
    },
    "runtime": {
      "git": "file:///home/me/work/rnx-bench/probes/git-source-workflow/target/origin.git",
      "rev": "8cc75c509eab3317d2e37bf7cf33e4f6a201b79b"
    },
    "sources": {},
    "native": {
      "polars": {
        "git": "file:///home/me/work/rnx-bench/probes/git-source-workflow/target/origin.git",
        "rev": "8cc75c509eab3317d2e37bf7cf33e4f6a201b79b",
        "package": "rnx-polars",
        "builder": "build",
        "hook": "plain"
      }
    }
  },
  "sources": {
    "format": 1,
    "entry": "/home/me/work/rnx-bench/probes/git-source-workflow/target/state/rnx/sessions/session-2399902-1789813158435954461/entry.rn",
    "mounts": []
  },
  "inputs": {
    "source": {
      "packages": [
        {
          "manifest": "/home/me/work/rnx-bench/probes/git-source-workflow/target/state/rnx/sessions/session-2399902-1789813158435954461/rnx.toml",
          "root": "/home/me/work/rnx-bench/probes/git-source-workflow/target/state/rnx/sessions/session-2399902-1789813158435954461"
        }
      ],
      "trees": [
        {
          "root": "/home/me/work/rnx-bench/probes/git-source-workflow/target/state/rnx/sessions/session-2399902-1789813158435954461",
          "blake3": "c17fbb04cbe23147362e97c3c50f7fe1c5256e1d25f22a2bc6fe2580be78d0ce",
          "files": [
            {
              "path": "entry.rn",
              "executable": false,
              "bytes": 22,
              "blake3": "8b488ddd76642b333920f1dd412cf191dcc0263a20e7803502a4b5323ad44fb0"
            },
            {
              "path": "rnx.toml",
              "executable": false,
              "bytes": 394,
              "blake3": "763a7b04c322e7dfcdd05a0a79f6a2e2215f18dfb0ba0ca62edcf28fe49931f5"
            }
          ]
        }
      ],
      "outside_manifests": []
    },
    "native": {
      "platform": "linux-x86_64",
      "packages": [],
      "trees": [],
      "external": [
        {
          "path": "/.cargo/config",
          "file": null
        },
        {
          "path": "/.cargo/config.toml",
          "file": null
        },
        {
          "path": "/Cargo.toml",
          "file": null
        },
        {
          "path": "/home/.cargo/config",
          "file": null
        },
        {
          "path": "/home/.cargo/config.toml",
          "file": null
        },
        {
          "path": "/home/Cargo.toml",
          "file": null
        },
        {
          "path": "/home/me/.cargo/config",
          "file": null
        },
        {
          "path": "/home/me/.cargo/config.toml",
          "file": null
        },
        {
          "path": "/home/me/Cargo.toml",
          "file": null
        },
        {
          "path": "/home/me/rust-toolchain",
          "file": null
        },
        {
          "path": "/home/me/rust-toolchain.toml",
          "file": null
        },
        {
          "path": "/home/me/work/.cargo/config",
          "file": null
        },
        {
          "path": "/home/me/work/.cargo/config.toml",
          "file": null
        },
        {
          "path": "/home/me/work/Cargo.toml",
          "file": null
        },
        {
          "path": "/home/me/work/rnx-bench/.cargo/config",
          "file": null
        },
        {
          "path": "/home/me/work/rnx-bench/.cargo/config.toml",
          "file": null
        },
        {
          "path": "/home/me/work/rnx-bench/Cargo.toml",
          "file": null
        },
        {
          "path": "/home/me/work/rnx-bench/probes/.cargo/config",
          "file": null
        },
        {
          "path": "/home/me/work/rnx-bench/probes/.cargo/config.toml",
          "file": null
        },
        {
          "path": "/home/me/work/rnx-bench/probes/Cargo.toml",
          "file": null
        },
        {
          "path": "/home/me/work/rnx-bench/probes/git-source-workflow/.cargo/config",
          "file": null
        },
        {
          "path": "/home/me/work/rnx-bench/probes/git-source-workflow/.cargo/config.toml",
          "file": null
        },
        {
          "path": "/home/me/work/rnx-bench/probes/git-source-workflow/Cargo.toml",
          "file": null
        },
        {
          "path": "/home/me/work/rnx-bench/probes/git-source-workflow/rust-toolchain",
          "file": null
        },
        {
          "path": "/home/me/work/rnx-bench/probes/git-source-workflow/rust-toolchain.toml",
          "file": null
        },
        {
          "path": "/home/me/work/rnx-bench/probes/git-source-workflow/target/.cargo/config",
          "file": null
        },
        {
          "path": "/home/me/work/rnx-bench/probes/git-source-workflow/target/.cargo/config.toml",
          "file": null
        },
        {
          "path": "/home/me/work/rnx-bench/probes/git-source-workflow/target/Cargo.toml",
          "file": null
        },
        {
          "path": "/home/me/work/rnx-bench/probes/git-source-workflow/target/cache/.cargo/config",
          "file": null
        },
        {
          "path": "/home/me/work/rnx-bench/probes/git-source-workflow/target/cache/.cargo/config.toml",
          "file": null
        },
        {
          "path": "/home/me/work/rnx-bench/probes/git-source-workflow/target/cache/Cargo.toml",
          "file": null
        },
        {
          "path": "/home/me/work/rnx-bench/probes/git-source-workflow/target/cache/rust-toolchain",
          "file": null
        },
        {
          "path": "/home/me/work/rnx-bench/probes/git-source-workflow/target/cache/rust-toolchain.toml",
          "file": null
        },
        {
          "path": "/home/me/work/rnx-bench/probes/git-source-workflow/target/cargo-home/.cargo/config",
          "file": null
        },
        {
          "path": "/home/me/work/rnx-bench/probes/git-source-workflow/target/cargo-home/.cargo/config.toml",
          "file": null
        },
        {
          "path": "/home/me/work/rnx-bench/probes/git-source-workflow/target/cargo-home/Cargo.toml",
          "file": null
        },
        {
          "path": "/home/me/work/rnx-bench/probes/git-source-workflow/target/cargo-home/config",
          "file": null
        },
        {
          "path": "/home/me/work/rnx-bench/probes/git-source-workflow/target/cargo-home/config.toml",
          "file": null
        },
        {
          "path": "/home/me/work/rnx-bench/probes/git-source-workflow/target/cargo-home/git/.cargo/config",
          "file": null
        },
        {
          "path": "/home/me/work/rnx-bench/probes/git-source-workflow/target/cargo-home/git/.cargo/config.toml",
          "file": null
        },
        {
          "path": "/home/me/work/rnx-bench/probes/git-source-workflow/target/cargo-home/git/Cargo.toml",
          "file": null
        },
        {
          "path": "/home/me/work/rnx-bench/probes/git-source-workflow/target/cargo-home/git/checkouts/.cargo/config",
          "file": null
        },
        {
          "path": "/home/me/work/rnx-bench/probes/git-source-workflow/target/cargo-home/git/checkouts/.cargo/config.toml",
          "file": null
        },
        {
          "path": "/home/me/work/rnx-bench/probes/git-source-workflow/target/cargo-home/git/checkouts/Cargo.toml",
          "file": null
        },
        {
          "path": "/home/me/work/rnx-bench/probes/git-source-workflow/target/cargo-home/git/checkouts/origin-c9173b0cc03200d3/.cargo/config",
          "file": null
        },
        {
          "path": "/home/me/work/rnx-bench/probes/git-source-workflow/target/cargo-home/git/checkouts/origin-c9173b0cc03200d3/.cargo/config.toml",
          "file": null
        },
        {
          "path": "/home/me/work/rnx-bench/probes/git-source-workflow/target/cargo-home/git/checkouts/origin-c9173b0cc03200d3/Cargo.toml",
          "file": null
        },
        {
          "path": "/home/me/work/rnx-bench/probes/git-source-workflow/target/cargo-home/git/checkouts/origin-c9173b0cc03200d3/rust-toolchain",
          "file": null
        },
        {
          "path": "/home/me/work/rnx-bench/probes/git-source-workflow/target/cargo-home/git/checkouts/origin-c9173b0cc03200d3/rust-toolchain.toml",
          "file": null
        },
        {
          "path": "/home/me/work/rnx-bench/probes/git-source-workflow/target/cargo-home/git/checkouts/rust-toolchain",
          "file": null
        },
        {
          "path": "/home/me/work/rnx-bench/probes/git-source-workflow/target/cargo-home/git/checkouts/rust-toolchain.toml",
          "file": null
        },
        {
          "path": "/home/me/work/rnx-bench/probes/git-source-workflow/target/cargo-home/git/rust-toolchain",
          "file": null
        },
        {
          "path": "/home/me/work/rnx-bench/probes/git-source-workflow/target/cargo-home/git/rust-toolchain.toml",
          "file": null
        },
        {
          "path": "/home/me/work/rnx-bench/probes/git-source-workflow/target/cargo-home/rust-toolchain",
          "file": null
        },
        {
          "path": "/home/me/work/rnx-bench/probes/git-source-workflow/target/cargo-home/rust-toolchain.toml",
          "file": null
        },
        {
          "path": "/home/me/work/rnx-bench/probes/git-source-workflow/target/rust-toolchain",
          "file": null
        },
        {
          "path": "/home/me/work/rnx-bench/probes/git-source-workflow/target/rust-toolchain.toml",
          "file": null
        },
        {
          "path": "/home/me/work/rnx-bench/probes/rust-toolchain",
          "file": null
        },
        {
          "path": "/home/me/work/rnx-bench/probes/rust-toolchain.toml",
          "file": null
        },
        {
          "path": "/home/me/work/rnx-bench/rust-toolchain",
          "file": null
        },
        {
          "path": "/home/me/work/rnx-bench/rust-toolchain.toml",
          "file": null
        },
        {
          "path": "/home/me/work/rust-toolchain",
          "file": null
        },
        {
          "path": "/home/me/work/rust-toolchain.toml",
          "file": null
        },
        {
          "path": "/home/rust-toolchain",
          "file": null
        },
        {
          "path": "/home/rust-toolchain.toml",
          "file": null
        },
        {
          "path": "/rust-toolchain",
          "file": null
        },
        {
          "path": "/rust-toolchain.toml",
          "file": null
        }
      ]
    }
  },
  "git": [
    {
      "id": "git+file:///home/me/work/rnx-bench/probes/git-source-workflow/target/origin.git?rev=8cc75c509eab3317d2e37bf7cf33e4f6a201b79b#rnx-polars@0.0.0",
      "name": "rnx-polars",
      "url": "file:///home/me/work/rnx-bench/probes/git-source-workflow/target/origin.git",
      "revision": "8cc75c509eab3317d2e37bf7cf33e4f6a201b79b",
      "checkout": "/home/me/work/rnx-bench/probes/git-source-workflow/target/cargo-home/git/checkouts/origin-c9173b0cc03200d3/8cc75c5",
      "manifest": "adapters/polars/Cargo.toml"
    },
    {
      "id": "git+file:///home/me/work/rnx-bench/probes/git-source-workflow/target/origin.git?rev=8cc75c509eab3317d2e37bf7cf33e4f6a201b79b#rnx@0.0.0",
      "name": "rnx",
      "url": "file:///home/me/work/rnx-bench/probes/git-source-workflow/target/origin.git",
      "revision": "8cc75c509eab3317d2e37bf7cf33e4f6a201b79b",
      "checkout": "/home/me/work/rnx-bench/probes/git-source-workflow/target/cargo-home/git/checkouts/origin-c9173b0cc03200d3/8cc75c5",
      "manifest": "Cargo.toml"
    }
  ],
  "assembly": {
    "kind": "shared",
    "identity": "{\"format\":3,\"generator\":3,\"context\":{\"cache_root\":\"/home/me/work/rnx-bench/probes/git-source-workflow/target/cache\",\"cargo_home\":\"/home/me/work/rnx-bench/probes/git-source-workflow/target/cargo-home\",\"rustup_home\":null,\"rustup_toolchain\":null,\"rustc\":\"rustc 1.98.1 (48a229cea 2026-09-01)\\nbinary: rustc\\ncommit-hash: 48a229ceaefd4985c50990b14116b6d856af0985\\ncommit-date: 2026-09-01\\nhost: x86_64-unknown-linux-gnu\\nrelease: 1.98.1\\nLLVM version: 22.1.8\\n\",\"cargo\":\"cargo 1.98.1 (797e8a9bc 2026-08-05)\\n\",\"target\":\"x86_64-unknown-linux-gnu\",\"profile\":\"release\",\"features\":[\"project-sources\"]},\"manifest\":\"[dependencies.native_0]\\ndefault-features = true\\ngit = \\\"file:///home/me/work/rnx-bench/probes/git-source-workflow/target/origin.git\\\"\\npackage = \\\"rnx-polars\\\"\\nrev = \\\"8cc75c509eab3317d2e37bf7cf33e4f6a201b79b\\\"\\n\\n[dependencies.rnx]\\ndefault-features = false\\nfeatures = [\\\"count-allocations\\\", \\\"project-sources\\\"]\\ngit = \\\"file:///home/me/work/rnx-bench/probes/git-source-workflow/target/origin.git\\\"\\nrev = \\\"8cc75c509eab3317d2e37bf7cf33e4f6a201b79b\\\"\\n\\n[package]\\nedition = \\\"2024\\\"\\nname = \\\"rnx-project-app\\\"\\npublish = false\\nversion = \\\"0.0.0\\\"\\n\\n[workspace]\\n\",\"main\":\"fn main() -> Result<(), Box<dyn std::error::Error>> {\\n    rnx::main_with(rnx::Extensions::none().with(\\\"polars\\\", native_0::build))\\n}\\n\",\"cargo_lock_blake3\":\"b55390eabaea26b4f1764a69ee9f4a9435c2fc5a5fae15aee517c2deb30b7199\",\"native\":{\"platform\":\"linux-x86_64\",\"packages\":[],\"trees\":[],\"external\":[{\"path\":\"/.cargo/config\",\"file\":null},{\"path\":\"/.cargo/config.toml\",\"file\":null},{\"path\":\"/Cargo.toml\",\"file\":null},{\"path\":\"/home/.cargo/config\",\"file\":null},{\"path\":\"/home/.cargo/config.toml\",\"file\":null},{\"path\":\"/home/Cargo.toml\",\"file\":null},{\"path\":\"/home/me/.cargo/config\",\"file\":null},{\"path\":\"/home/me/.cargo/config.toml\",\"file\":null},{\"path\":\"/home/me/Cargo.toml\",\"file\":null},{\"path\":\"/home/me/rust-toolchain\",\"file\":null},{\"path\":\"/home/me/rust-toolchain.toml\",\"file\":null},{\"path\":\"/home/me/work/.cargo/config\",\"file\":null},{\"path\":\"/home/me/work/.cargo/config.toml\",\"file\":null},{\"path\":\"/home/me/work/Cargo.toml\",\"file\":null},{\"path\":\"/home/me/work/rnx-bench/.cargo/config\",\"file\":null},{\"path\":\"/home/me/work/rnx-bench/.cargo/config.toml\",\"file\":null},{\"path\":\"/home/me/work/rnx-bench/Cargo.toml\",\"file\":null},{\"path\":\"/home/me/work/rnx-bench/probes/.cargo/config\",\"file\":null},{\"path\":\"/home/me/work/rnx-bench/probes/.cargo/config.toml\",\"file\":null},{\"path\":\"/home/me/work/rnx-bench/probes/Cargo.toml\",\"file\":null},{\"path\":\"/home/me/work/rnx-bench/probes/git-source-workflow/.cargo/config\",\"file\":null},{\"path\":\"/home/me/work/rnx-bench/probes/git-source-workflow/.cargo/config.toml\",\"file\":null},{\"path\":\"/home/me/work/rnx-bench/probes/git-source-workflow/Cargo.toml\",\"file\":null},{\"path\":\"/home/me/work/rnx-bench/probes/git-source-workflow/rust-toolchain\",\"file\":null},{\"path\":\"/home/me/work/rnx-bench/probes/git-source-workflow/rust-toolchain.toml\",\"file\":null},{\"path\":\"/home/me/work/rnx-bench/probes/git-source-workflow/target/.cargo/config\",\"file\":null},{\"path\":\"/home/me/work/rnx-bench/probes/git-source-workflow/target/.cargo/config.toml\",\"file\":null},{\"path\":\"/home/me/work/rnx-bench/probes/git-source-workflow/target/Cargo.toml\",\"file\":null},{\"path\":\"/home/me/work/rnx-bench/probes/git-source-workflow/target/cache/.cargo/config\",\"file\":null},{\"path\":\"/home/me/work/rnx-bench/probes/git-source-workflow/target/cache/.cargo/config.toml\",\"file\":null},{\"path\":\"/home/me/work/rnx-bench/probes/git-source-workflow/target/cache/Cargo.toml\",\"file\":null},{\"path\":\"/home/me/work/rnx-bench/probes/git-source-workflow/target/cache/rust-toolchain\",\"file\":null},{\"path\":\"/home/me/work/rnx-bench/probes/git-source-workflow/target/cache/rust-toolchain.toml\",\"file\":null},{\"path\":\"/home/me/work/rnx-bench/probes/git-source-workflow/target/cargo-home/.cargo/config\",\"file\":null},{\"path\":\"/home/me/work/rnx-bench/probes/git-source-workflow/target/cargo-home/.cargo/config.toml\",\"file\":null},{\"path\":\"/home/me/work/rnx-bench/probes/git-source-workflow/target/cargo-home/Cargo.toml\",\"file\":null},{\"path\":\"/home/me/work/rnx-bench/probes/git-source-workflow/target/cargo-home/config\",\"file\":null},{\"path\":\"/home/me/work/rnx-bench/probes/git-source-workflow/target/cargo-home/config.toml\",\"file\":null},{\"path\":\"/home/me/work/rnx-bench/probes/git-source-workflow/target/cargo-home/git/.cargo/config\",\"file\":null},{\"path\":\"/home/me/work/rnx-bench/probes/git-source-workflow/target/cargo-home/git/.cargo/config.toml\",\"file\":null},{\"path\":\"/home/me/work/rnx-bench/probes/git-source-workflow/target/cargo-home/git/Cargo.toml\",\"file\":null},{\"path\":\"/home/me/work/rnx-bench/probes/git-source-workflow/target/cargo-home/git/checkouts/.cargo/config\",\"file\":null},{\"path\":\"/home/me/work/rnx-bench/probes/git-source-workflow/target/cargo-home/git/checkouts/.cargo/config.toml\",\"file\":null},{\"path\":\"/home/me/work/rnx-bench/probes/git-source-workflow/target/cargo-home/git/checkouts/Cargo.toml\",\"file\":null},{\"path\":\"/home/me/work/rnx-bench/probes/git-source-workflow/target/cargo-home/git/checkouts/origin-c9173b0cc03200d3/.cargo/config\",\"file\":null},{\"path\":\"/home/me/work/rnx-bench/probes/git-source-workflow/target/cargo-home/git/checkouts/origin-c9173b0cc03200d3/.cargo/config.toml\",\"file\":null},{\"path\":\"/home/me/work/rnx-bench/probes/git-source-workflow/target/cargo-home/git/checkouts/origin-c9173b0cc03200d3/Cargo.toml\",\"file\":null},{\"path\":\"/home/me/work/rnx-bench/probes/git-source-workflow/target/cargo-home/git/checkouts/origin-c9173b0cc03200d3/rust-toolchain\",\"file\":null},{\"path\":\"/home/me/work/rnx-bench/probes/git-source-workflow/target/cargo-home/git/checkouts/origin-c9173b0cc03200d3/rust-toolchain.toml\",\"file\":null},{\"path\":\"/home/me/work/rnx-bench/probes/git-source-workflow/target/cargo-home/git/checkouts/rust-toolchain\",\"file\":null},{\"path\":\"/home/me/work/rnx-bench/probes/git-source-workflow/target/cargo-home/git/checkouts/rust-toolchain.toml\",\"file\":null},{\"path\":\"/home/me/work/rnx-bench/probes/git-source-workflow/target/cargo-home/git/rust-toolchain\",\"file\":null},{\"path\":\"/home/me/work/rnx-bench/probes/git-source-workflow/target/cargo-home/git/rust-toolchain.toml\",\"file\":null},{\"path\":\"/home/me/work/rnx-bench/probes/git-source-workflow/target/cargo-home/rust-toolchain\",\"file\":null},{\"path\":\"/home/me/work/rnx-bench/probes/git-source-workflow/target/cargo-home/rust-toolchain.toml\",\"file\":null},{\"path\":\"/home/me/work/rnx-bench/probes/git-source-workflow/target/rust-toolchain\",\"file\":null},{\"path\":\"/home/me/work/rnx-bench/probes/git-source-workflow/target/rust-toolchain.toml\",\"file\":null},{\"path\":\"/home/me/work/rnx-bench/probes/rust-toolchain\",\"file\":null},{\"path\":\"/home/me/work/rnx-bench/probes/rust-toolchain.toml\",\"file\":null},{\"path\":\"/home/me/work/rnx-bench/rust-toolchain\",\"file\":null},{\"path\":\"/home/me/work/rnx-bench/rust-toolchain.toml\",\"file\":null},{\"path\":\"/home/me/work/rust-toolchain\",\"file\":null},{\"path\":\"/home/me/work/rust-toolchain.toml\",\"file\":null},{\"path\":\"/home/rust-toolchain\",\"file\":null},{\"path\":\"/home/rust-toolchain.toml\",\"file\":null},{\"path\":\"/rust-toolchain\",\"file\":null},{\"path\":\"/rust-toolchain.toml\",\"file\":null}]},\"git\":[{\"id\":\"git+file:///home/me/work/rnx-bench/probes/git-source-workflow/target/origin.git?rev=8cc75c509eab3317d2e37bf7cf33e4f6a201b79b#rnx-polars@0.0.0\",\"name\":\"rnx-polars\",\"url\":\"file:///home/me/work/rnx-bench/probes/git-source-workflow/target/origin.git\",\"revision\":\"8cc75c509eab3317d2e37bf7cf33e4f6a201b79b\",\"checkout\":\"/home/me/work/rnx-bench/probes/git-source-workflow/target/cargo-home/git/checkouts/origin-c9173b0cc03200d3/8cc75c5\",\"manifest\":\"adapters/polars/Cargo.toml\"},{\"id\":\"git+file:///home/me/work/rnx-bench/probes/git-source-workflow/target/origin.git?rev=8cc75c509eab3317d2e37bf7cf33e4f6a201b79b#rnx@0.0.0\",\"name\":\"rnx\",\"url\":\"file:///home/me/work/rnx-bench/probes/git-source-workflow/target/origin.git\",\"revision\":\"8cc75c509eab3317d2e37bf7cf33e4f6a201b79b\",\"checkout\":\"/home/me/work/rnx-bench/probes/git-source-workflow/target/cargo-home/git/checkouts/origin-c9173b0cc03200d3/8cc75c5\",\"manifest\":\"Cargo.toml\"}]}"
  }
}