{
  "format": 4,
  "declarations": {
    "format": 2,
    "application": {
      "entry": "main.rn"
    },
    "runtime": {
      "path": "/home/me/work/rnx-bench/probes/git-source-workflow/target/mixed-path"
    },
    "sources": {},
    "native": {
      "addon": {
        "git": "file:///home/me/work/rnx-bench/probes/git-source-workflow/target/mixed-git",
        "rev": "eca35e1cbda10147fe3e0d40ed55cce9458a27f2",
        "package": "fixture-adapter",
        "builder": "build",
        "hook": "plain"
      }
    }
  },
  "sources": {
    "format": 1,
    "entry": "/home/me/work/rnx-bench/probes/git-source-workflow/target/mixed-app/main.rn",
    "mounts": []
  },
  "inputs": {
    "source": {
      "packages": [
        {
          "manifest": "/home/me/work/rnx-bench/probes/git-source-workflow/target/mixed-app/rnx.toml",
          "root": "/home/me/work/rnx-bench/probes/git-source-workflow/target/mixed-app"
        }
      ],
      "trees": [
        {
          "root": "/home/me/work/rnx-bench/probes/git-source-workflow/target/mixed-app",
          "blake3": "82e98733a2e789fdab68000dc1a969cd12573c26326b9f8ffa1d8be338994920",
          "files": [
            {
              "path": "main.rn",
              "executable": false,
              "bytes": 18,
              "blake3": "eb2733bca38adb72c0b4725b924f419d2e9b21c5cad1380cc02c4f1c1e2c82e9"
            },
            {
              "path": "rnx.toml",
              "executable": false,
              "bytes": 323,
              "blake3": "1d78bfda0cfe4af86913f93481e3b1c8a647ce0102341bbf7400025506047de2"
            }
          ]
        }
      ],
      "outside_manifests": []
    },
    "native": {
      "platform": "linux-x86_64",
      "packages": [
        {
          "id": "path+file:///home/me/work/rnx-bench/probes/git-source-workflow/target/mixed-path#rnx@0.0.0",
          "name": "rnx",
          "manifest": "/home/me/work/rnx-bench/probes/git-source-workflow/target/mixed-path/Cargo.toml",
          "root": "/home/me/work/rnx-bench/probes/git-source-workflow/target/mixed-path"
        }
      ],
      "trees": [
        {
          "root": "/home/me/work/rnx-bench/probes/git-source-workflow/target/mixed-path",
          "blake3": "2a27b8fdc72d9af3aeacc4f4d2518d439bfde3d680e5ef6146b392fc98e470f2",
          "files": [
            {
              "path": ".gitignore",
              "executable": false,
              "bytes": 8,
              "blake3": "b5c38918b832f4bf849a93878a46586fe9fd1cc4271011ef78c282bf0ed706d2"
            },
            {
              "path": "Cargo.toml",
              "executable": false,
              "bytes": 115,
              "blake3": "6583aea62af1a159dc2ab1d6a059b5e09db63619762f6cc29ce1e98cf2558beb"
            },
            {
              "path": "src/lib.rs",
              "executable": false,
              "bytes": 216,
              "blake3": "b74478366b29311970a8c0264564a9d7118d06b8323091dac230dc528489bfda"
            }
          ]
        }
      ],
      "external": [
        {
          "path": "/.cargo/config",
          "file": null
        },
        {
          "path": "/.cargo/config.toml",
          "file": null
        },
        {
          "path": "/Cargo.toml",
          "file": null
        },
        {
          "path": "/home/.cargo/config",
          "file": null
        },
        {
          "path": "/home/.cargo/config.toml",
          "file": null
        },
        {
          "path": "/home/Cargo.toml",
          "file": null
        },
        {
          "path": "/home/me/.cargo/config",
          "file": null
        },
        {
          "path": "/home/me/.cargo/config.toml",
          "file": null
        },
        {
          "path": "/home/me/Cargo.toml",
          "file": null
        },
        {
          "path": "/home/me/rust-toolchain",
          "file": null
        },
        {
          "path": "/home/me/rust-toolchain.toml",
          "file": null
        },
        {
          "path": "/home/me/work/.cargo/config",
          "file": null
        },
        {
          "path": "/home/me/work/.cargo/config.toml",
          "file": null
        },
        {
          "path": "/home/me/work/Cargo.toml",
          "file": null
        },
        {
          "path": "/home/me/work/rnx-bench/.cargo/config",
          "file": null
        },
        {
          "path": "/home/me/work/rnx-bench/.cargo/config.toml",
          "file": null
        },
        {
          "path": "/home/me/work/rnx-bench/Cargo.toml",
          "file": null
        },
        {
          "path": "/home/me/work/rnx-bench/probes/.cargo/config",
          "file": null
        },
        {
          "path": "/home/me/work/rnx-bench/probes/.cargo/config.toml",
          "file": null
        },
        {
          "path": "/home/me/work/rnx-bench/probes/Cargo.toml",
          "file": null
        },
        {
          "path": "/home/me/work/rnx-bench/probes/git-source-workflow/.cargo/config",
          "file": null
        },
        {
          "path": "/home/me/work/rnx-bench/probes/git-source-workflow/.cargo/config.toml",
          "file": null
        },
        {
          "path": "/home/me/work/rnx-bench/probes/git-source-workflow/Cargo.toml",
          "file": null
        },
        {
          "path": "/home/me/work/rnx-bench/probes/git-source-workflow/rust-toolchain",
          "file": null
        },
        {
          "path": "/home/me/work/rnx-bench/probes/git-source-workflow/rust-toolchain.toml",
          "file": null
        },
        {
          "path": "/home/me/work/rnx-bench/probes/git-source-workflow/target/.cargo/config",
          "file": null
        },
        {
          "path": "/home/me/work/rnx-bench/probes/git-source-workflow/target/.cargo/config.toml",
          "file": null
        },
        {
          "path": "/home/me/work/rnx-bench/probes/git-source-workflow/target/Cargo.toml",
          "file": null
        },
        {
          "path": "/home/me/work/rnx-bench/probes/git-source-workflow/target/cache/.cargo/config",
          "file": null
        },
        {
          "path": "/home/me/work/rnx-bench/probes/git-source-workflow/target/cache/.cargo/config.toml",
          "file": null
        },
        {
          "path": "/home/me/work/rnx-bench/probes/git-source-workflow/target/cache/Cargo.toml",
          "file": null
        },
        {
          "path": "/home/me/work/rnx-bench/probes/git-source-workflow/target/cache/rust-toolchain",
          "file": null
        },
        {
          "path": "/home/me/work/rnx-bench/probes/git-source-workflow/target/cache/rust-toolchain.toml",
          "file": null
        },
        {
          "path": "/home/me/work/rnx-bench/probes/git-source-workflow/target/cargo-home/.cargo/config",
          "file": null
        },
        {
          "path": "/home/me/work/rnx-bench/probes/git-source-workflow/target/cargo-home/.cargo/config.toml",
          "file": null
        },
        {
          "path": "/home/me/work/rnx-bench/probes/git-source-workflow/target/cargo-home/Cargo.toml",
          "file": null
        },
        {
          "path": "/home/me/work/rnx-bench/probes/git-source-workflow/target/cargo-home/config",
          "file": null
        },
        {
          "path": "/home/me/work/rnx-bench/probes/git-source-workflow/target/cargo-home/config.toml",
          "file": null
        },
        {
          "path": "/home/me/work/rnx-bench/probes/git-source-workflow/target/cargo-home/git/.cargo/config",
          "file": null
        },
        {
          "path": "/home/me/work/rnx-bench/probes/git-source-workflow/target/cargo-home/git/.cargo/config.toml",
          "file": null
        },
        {
          "path": "/home/me/work/rnx-bench/probes/git-source-workflow/target/cargo-home/git/Cargo.toml",
          "file": null
        },
        {
          "path": "/home/me/work/rnx-bench/probes/git-source-workflow/target/cargo-home/git/checkouts/.cargo/config",
          "file": null
        },
        {
          "path": "/home/me/work/rnx-bench/probes/git-source-workflow/target/cargo-home/git/checkouts/.cargo/config.toml",
          "file": null
        },
        {
          "path": "/home/me/work/rnx-bench/probes/git-source-workflow/target/cargo-home/git/checkouts/Cargo.toml",
          "file": null
        },
        {
          "path": "/home/me/work/rnx-bench/probes/git-source-workflow/target/cargo-home/git/checkouts/mixed-git-2f3e586827997503/.cargo/config",
          "file": null
        },
        {
          "path": "/home/me/work/rnx-bench/probes/git-source-workflow/target/cargo-home/git/checkouts/mixed-git-2f3e586827997503/.cargo/config.toml",
          "file": null
        },
        {
          "path": "/home/me/work/rnx-bench/probes/git-source-workflow/target/cargo-home/git/checkouts/mixed-git-2f3e586827997503/Cargo.toml",
          "file": null
        },
        {
          "path": "/home/me/work/rnx-bench/probes/git-source-workflow/target/cargo-home/git/checkouts/mixed-git-2f3e586827997503/rust-toolchain",
          "file": null
        },
        {
          "path": "/home/me/work/rnx-bench/probes/git-source-workflow/target/cargo-home/git/checkouts/mixed-git-2f3e586827997503/rust-toolchain.toml",
          "file": null
        },
        {
          "path": "/home/me/work/rnx-bench/probes/git-source-workflow/target/cargo-home/git/checkouts/rust-toolchain",
          "file": null
        },
        {
          "path": "/home/me/work/rnx-bench/probes/git-source-workflow/target/cargo-home/git/checkouts/rust-toolchain.toml",
          "file": null
        },
        {
          "path": "/home/me/work/rnx-bench/probes/git-source-workflow/target/cargo-home/git/rust-toolchain",
          "file": null
        },
        {
          "path": "/home/me/work/rnx-bench/probes/git-source-workflow/target/cargo-home/git/rust-toolchain.toml",
          "file": null
        },
        {
          "path": "/home/me/work/rnx-bench/probes/git-source-workflow/target/cargo-home/rust-toolchain",
          "file": null
        },
        {
          "path": "/home/me/work/rnx-bench/probes/git-source-workflow/target/cargo-home/rust-toolchain.toml",
          "file": null
        },
        {
          "path": "/home/me/work/rnx-bench/probes/git-source-workflow/target/mixed-path/.cargo/config",
          "file": null
        },
        {
          "path": "/home/me/work/rnx-bench/probes/git-source-workflow/target/mixed-path/.cargo/config.toml",
          "file": null
        },
        {
          "path": "/home/me/work/rnx-bench/probes/git-source-workflow/target/mixed-path/Cargo.toml",
          "file": {
            "path": "Cargo.toml",
            "executable": false,
            "bytes": 115,
            "blake3": "6583aea62af1a159dc2ab1d6a059b5e09db63619762f6cc29ce1e98cf2558beb"
          }
        },
        {
          "path": "/home/me/work/rnx-bench/probes/git-source-workflow/target/mixed-path/rust-toolchain",
          "file": null
        },
        {
          "path": "/home/me/work/rnx-bench/probes/git-source-workflow/target/mixed-path/rust-toolchain.toml",
          "file": null
        },
        {
          "path": "/home/me/work/rnx-bench/probes/git-source-workflow/target/rust-toolchain",
          "file": null
        },
        {
          "path": "/home/me/work/rnx-bench/probes/git-source-workflow/target/rust-toolchain.toml",
          "file": null
        },
        {
          "path": "/home/me/work/rnx-bench/probes/rust-toolchain",
          "file": null
        },
        {
          "path": "/home/me/work/rnx-bench/probes/rust-toolchain.toml",
          "file": null
        },
        {
          "path": "/home/me/work/rnx-bench/rust-toolchain",
          "file": null
        },
        {
          "path": "/home/me/work/rnx-bench/rust-toolchain.toml",
          "file": null
        },
        {
          "path": "/home/me/work/rust-toolchain",
          "file": null
        },
        {
          "path": "/home/me/work/rust-toolchain.toml",
          "file": null
        },
        {
          "path": "/home/rust-toolchain",
          "file": null
        },
        {
          "path": "/home/rust-toolchain.toml",
          "file": null
        },
        {
          "path": "/rust-toolchain",
          "file": null
        },
        {
          "path": "/rust-toolchain.toml",
          "file": null
        }
      ]
    }
  },
  "git": [
    {
      "id": "git+file:///home/me/work/rnx-bench/probes/git-source-workflow/target/mixed-git?rev=eca35e1cbda10147fe3e0d40ed55cce9458a27f2#fixture-adapter@0.0.0",
      "name": "fixture-adapter",
      "url": "file:///home/me/work/rnx-bench/probes/git-source-workflow/target/mixed-git",
      "revision": "eca35e1cbda10147fe3e0d40ed55cce9458a27f2",
      "checkout": "/home/me/work/rnx-bench/probes/git-source-workflow/target/cargo-home/git/checkouts/mixed-git-2f3e586827997503/eca35e1",
      "manifest": "Cargo.toml"
    }
  ],
  "assembly": {
    "kind": "shared",
    "identity": "{\"format\":3,\"generator\":3,\"context\":{\"cache_root\":\"/home/me/work/rnx-bench/probes/git-source-workflow/target/cache\",\"cargo_home\":\"/home/me/work/rnx-bench/probes/git-source-workflow/target/cargo-home\",\"rustup_home\":null,\"rustup_toolchain\":null,\"rustc\":\"rustc 1.98.1 (48a229cea 2026-09-01)\\nbinary: rustc\\ncommit-hash: 48a229ceaefd4985c50990b14116b6d856af0985\\ncommit-date: 2026-09-01\\nhost: x86_64-unknown-linux-gnu\\nrelease: 1.98.1\\nLLVM version: 22.1.8\\n\",\"cargo\":\"cargo 1.98.1 (797e8a9bc 2026-08-05)\\n\",\"target\":\"x86_64-unknown-linux-gnu\",\"profile\":\"release\",\"features\":[\"project-sources\"]},\"manifest\":\"[dependencies.native_0]\\ndefault-features = true\\ngit = \\\"file:///home/me/work/rnx-bench/probes/git-source-workflow/target/mixed-git\\\"\\npackage = \\\"fixture-adapter\\\"\\nrev = \\\"eca35e1cbda10147fe3e0d40ed55cce9458a27f2\\\"\\n\\n[dependencies.rnx]\\ndefault-features = false\\nfeatures = [\\\"count-allocations\\\", \\\"project-sources\\\"]\\npath = \\\"/home/me/work/rnx-bench/probes/git-source-workflow/target/mixed-path\\\"\\n\\n[package]\\nedition = \\\"2024\\\"\\nname = \\\"rnx-project-app\\\"\\npublish = false\\nversion = \\\"0.0.0\\\"\\n\\n[workspace]\\n\",\"main\":\"fn main() -> Result<(), Box<dyn std::error::Error>> {\\n    rnx::main_with(rnx::Extensions::none().with(\\\"addon\\\", native_0::build))\\n}\\n\",\"cargo_lock_blake3\":\"fcf29d9a3593661f23b996591ce528560f6dda00186bc4c2f243b38e5df5929e\",\"native\":{\"platform\":\"linux-x86_64\",\"packages\":[{\"id\":\"path+file:///home/me/work/rnx-bench/probes/git-source-workflow/target/mixed-path#rnx@0.0.0\",\"name\":\"rnx\",\"manifest\":\"/home/me/work/rnx-bench/probes/git-source-workflow/target/mixed-path/Cargo.toml\",\"root\":\"/home/me/work/rnx-bench/probes/git-source-workflow/target/mixed-path\"}],\"trees\":[{\"root\":\"/home/me/work/rnx-bench/probes/git-source-workflow/target/mixed-path\",\"blake3\":\"2a27b8fdc72d9af3aeacc4f4d2518d439bfde3d680e5ef6146b392fc98e470f2\",\"files\":[{\"path\":\".gitignore\",\"executable\":false,\"bytes\":8,\"blake3\":\"b5c38918b832f4bf849a93878a46586fe9fd1cc4271011ef78c282bf0ed706d2\"},{\"path\":\"Cargo.toml\",\"executable\":false,\"bytes\":115,\"blake3\":\"6583aea62af1a159dc2ab1d6a059b5e09db63619762f6cc29ce1e98cf2558beb\"},{\"path\":\"src/lib.rs\",\"executable\":false,\"bytes\":216,\"blake3\":\"b74478366b29311970a8c0264564a9d7118d06b8323091dac230dc528489bfda\"}]}],\"external\":[{\"path\":\"/.cargo/config\",\"file\":null},{\"path\":\"/.cargo/config.toml\",\"file\":null},{\"path\":\"/Cargo.toml\",\"file\":null},{\"path\":\"/home/.cargo/config\",\"file\":null},{\"path\":\"/home/.cargo/config.toml\",\"file\":null},{\"path\":\"/home/Cargo.toml\",\"file\":null},{\"path\":\"/home/me/.cargo/config\",\"file\":null},{\"path\":\"/home/me/.cargo/config.toml\",\"file\":null},{\"path\":\"/home/me/Cargo.toml\",\"file\":null},{\"path\":\"/home/me/rust-toolchain\",\"file\":null},{\"path\":\"/home/me/rust-toolchain.toml\",\"file\":null},{\"path\":\"/home/me/work/.cargo/config\",\"file\":null},{\"path\":\"/home/me/work/.cargo/config.toml\",\"file\":null},{\"path\":\"/home/me/work/Cargo.toml\",\"file\":null},{\"path\":\"/home/me/work/rnx-bench/.cargo/config\",\"file\":null},{\"path\":\"/home/me/work/rnx-bench/.cargo/config.toml\",\"file\":null},{\"path\":\"/home/me/work/rnx-bench/Cargo.toml\",\"file\":null},{\"path\":\"/home/me/work/rnx-bench/probes/.cargo/config\",\"file\":null},{\"path\":\"/home/me/work/rnx-bench/probes/.cargo/config.toml\",\"file\":null},{\"path\":\"/home/me/work/rnx-bench/probes/Cargo.toml\",\"file\":null},{\"path\":\"/home/me/work/rnx-bench/probes/git-source-workflow/.cargo/config\",\"file\":null},{\"path\":\"/home/me/work/rnx-bench/probes/git-source-workflow/.cargo/config.toml\",\"file\":null},{\"path\":\"/home/me/work/rnx-bench/probes/git-source-workflow/Cargo.toml\",\"file\":null},{\"path\":\"/home/me/work/rnx-bench/probes/git-source-workflow/rust-toolchain\",\"file\":null},{\"path\":\"/home/me/work/rnx-bench/probes/git-source-workflow/rust-toolchain.toml\",\"file\":null},{\"path\":\"/home/me/work/rnx-bench/probes/git-source-workflow/target/.cargo/config\",\"file\":null},{\"path\":\"/home/me/work/rnx-bench/probes/git-source-workflow/target/.cargo/config.toml\",\"file\":null},{\"path\":\"/home/me/work/rnx-bench/probes/git-source-workflow/target/Cargo.toml\",\"file\":null},{\"path\":\"/home/me/work/rnx-bench/probes/git-source-workflow/target/cache/.cargo/config\",\"file\":null},{\"path\":\"/home/me/work/rnx-bench/probes/git-source-workflow/target/cache/.cargo/config.toml\",\"file\":null},{\"path\":\"/home/me/work/rnx-bench/probes/git-source-workflow/target/cache/Cargo.toml\",\"file\":null},{\"path\":\"/home/me/work/rnx-bench/probes/git-source-workflow/target/cache/rust-toolchain\",\"file\":null},{\"path\":\"/home/me/work/rnx-bench/probes/git-source-workflow/target/cache/rust-toolchain.toml\",\"file\":null},{\"path\":\"/home/me/work/rnx-bench/probes/git-source-workflow/target/cargo-home/.cargo/config\",\"file\":null},{\"path\":\"/home/me/work/rnx-bench/probes/git-source-workflow/target/cargo-home/.cargo/config.toml\",\"file\":null},{\"path\":\"/home/me/work/rnx-bench/probes/git-source-workflow/target/cargo-home/Cargo.toml\",\"file\":null},{\"path\":\"/home/me/work/rnx-bench/probes/git-source-workflow/target/cargo-home/config\",\"file\":null},{\"path\":\"/home/me/work/rnx-bench/probes/git-source-workflow/target/cargo-home/config.toml\",\"file\":null},{\"path\":\"/home/me/work/rnx-bench/probes/git-source-workflow/target/cargo-home/git/.cargo/config\",\"file\":null},{\"path\":\"/home/me/work/rnx-bench/probes/git-source-workflow/target/cargo-home/git/.cargo/config.toml\",\"file\":null},{\"path\":\"/home/me/work/rnx-bench/probes/git-source-workflow/target/cargo-home/git/Cargo.toml\",\"file\":null},{\"path\":\"/home/me/work/rnx-bench/probes/git-source-workflow/target/cargo-home/git/checkouts/.cargo/config\",\"file\":null},{\"path\":\"/home/me/work/rnx-bench/probes/git-source-workflow/target/cargo-home/git/checkouts/.cargo/config.toml\",\"file\":null},{\"path\":\"/home/me/work/rnx-bench/probes/git-source-workflow/target/cargo-home/git/checkouts/Cargo.toml\",\"file\":null},{\"path\":\"/home/me/work/rnx-bench/probes/git-source-workflow/target/cargo-home/git/checkouts/mixed-git-2f3e586827997503/.cargo/config\",\"file\":null},{\"path\":\"/home/me/work/rnx-bench/probes/git-source-workflow/target/cargo-home/git/checkouts/mixed-git-2f3e586827997503/.cargo/config.toml\",\"file\":null},{\"path\":\"/home/me/work/rnx-bench/probes/git-source-workflow/target/cargo-home/git/checkouts/mixed-git-2f3e586827997503/Cargo.toml\",\"file\":null},{\"path\":\"/home/me/work/rnx-bench/probes/git-source-workflow/target/cargo-home/git/checkouts/mixed-git-2f3e586827997503/rust-toolchain\",\"file\":null},{\"path\":\"/home/me/work/rnx-bench/probes/git-source-workflow/target/cargo-home/git/checkouts/mixed-git-2f3e586827997503/rust-toolchain.toml\",\"file\":null},{\"path\":\"/home/me/work/rnx-bench/probes/git-source-workflow/target/cargo-home/git/checkouts/rust-toolchain\",\"file\":null},{\"path\":\"/home/me/work/rnx-bench/probes/git-source-workflow/target/cargo-home/git/checkouts/rust-toolchain.toml\",\"file\":null},{\"path\":\"/home/me/work/rnx-bench/probes/git-source-workflow/target/cargo-home/git/rust-toolchain\",\"file\":null},{\"path\":\"/home/me/work/rnx-bench/probes/git-source-workflow/target/cargo-home/git/rust-toolchain.toml\",\"file\":null},{\"path\":\"/home/me/work/rnx-bench/probes/git-source-workflow/target/cargo-home/rust-toolchain\",\"file\":null},{\"path\":\"/home/me/work/rnx-bench/probes/git-source-workflow/target/cargo-home/rust-toolchain.toml\",\"file\":null},{\"path\":\"/home/me/work/rnx-bench/probes/git-source-workflow/target/mixed-path/.cargo/config\",\"file\":null},{\"path\":\"/home/me/work/rnx-bench/probes/git-source-workflow/target/mixed-path/.cargo/config.toml\",\"file\":null},{\"path\":\"/home/me/work/rnx-bench/probes/git-source-workflow/target/mixed-path/Cargo.toml\",\"file\":{\"path\":\"Cargo.toml\",\"executable\":false,\"bytes\":115,\"blake3\":\"6583aea62af1a159dc2ab1d6a059b5e09db63619762f6cc29ce1e98cf2558beb\"}},{\"path\":\"/home/me/work/rnx-bench/probes/git-source-workflow/target/mixed-path/rust-toolchain\",\"file\":null},{\"path\":\"/home/me/work/rnx-bench/probes/git-source-workflow/target/mixed-path/rust-toolchain.toml\",\"file\":null},{\"path\":\"/home/me/work/rnx-bench/probes/git-source-workflow/target/rust-toolchain\",\"file\":null},{\"path\":\"/home/me/work/rnx-bench/probes/git-source-workflow/target/rust-toolchain.toml\",\"file\":null},{\"path\":\"/home/me/work/rnx-bench/probes/rust-toolchain\",\"file\":null},{\"path\":\"/home/me/work/rnx-bench/probes/rust-toolchain.toml\",\"file\":null},{\"path\":\"/home/me/work/rnx-bench/rust-toolchain\",\"file\":null},{\"path\":\"/home/me/work/rnx-bench/rust-toolchain.toml\",\"file\":null},{\"path\":\"/home/me/work/rust-toolchain\",\"file\":null},{\"path\":\"/home/me/work/rust-toolchain.toml\",\"file\":null},{\"path\":\"/home/rust-toolchain\",\"file\":null},{\"path\":\"/home/rust-toolchain.toml\",\"file\":null},{\"path\":\"/rust-toolchain\",\"file\":null},{\"path\":\"/rust-toolchain.toml\",\"file\":null}]},\"git\":[{\"id\":\"git+file:///home/me/work/rnx-bench/probes/git-source-workflow/target/mixed-git?rev=eca35e1cbda10147fe3e0d40ed55cce9458a27f2#fixture-adapter@0.0.0\",\"name\":\"fixture-adapter\",\"url\":\"file:///home/me/work/rnx-bench/probes/git-source-workflow/target/mixed-git\",\"revision\":\"eca35e1cbda10147fe3e0d40ed55cce9458a27f2\",\"checkout\":\"/home/me/work/rnx-bench/probes/git-source-workflow/target/cargo-home/git/checkouts/mixed-git-2f3e586827997503/eca35e1\",\"manifest\":\"Cargo.toml\"}]}"
  }
}