# This file is automatically @generated by Cargo.
# It is not intended for manual editing.
version = 4

[[package]]
name = "fixture-adapter"
version = "0.0.0"
source = "git+file:///home/me/work/rnx-bench/probes/git-source-workflow/target/mixed-git?rev=eca35e1cbda10147fe3e0d40ed55cce9458a27f2#eca35e1cbda10147fe3e0d40ed55cce9458a27f2"

[[package]]
name = "rnx"
version = "0.0.0"

[[package]]
name = "rnx-project-app"
version = "0.0.0"
dependencies = [
 "fixture-adapter",
 "rnx",
]
