{
  "format": 4,
  "declarations": {
    "format": 2,
    "application": {
      "entry": "entry.rn"
    },
    "runtime": {
      "git": "https://github.com/nilket-com/rnx",
      "rev": "7ae886305aea33312a061cbafbebbb49ff8bc8c4"
    },
    "sources": {},
    "native": {
      "polars": {
        "git": "https://github.com/nilket-com/rnx",
        "rev": "7ae886305aea33312a061cbafbebbb49ff8bc8c4",
        "package": "rnx-polars",
        "builder": "build",
        "hook": "plain"
      },
      "postgres": {
        "git": "https://github.com/nilket-com/rnx",
        "rev": "7ae886305aea33312a061cbafbebbb49ff8bc8c4",
        "package": "rnx-postgres",
        "builder": "build",
        "hook": "lifecycle"
      }
    }
  },
  "sources": {
    "format": 1,
    "entry": "/home/me/work/rnx-bench/probes/one-install/target/published/state space'quote/rnx/sessions/session-2521051-1789815551826070646/entry.rn",
    "mounts": []
  },
  "inputs": {
    "source": {
      "packages": [
        {
          "manifest": "/home/me/work/rnx-bench/probes/one-install/target/published/state space'quote/rnx/sessions/session-2521051-1789815551826070646/rnx.toml",
          "root": "/home/me/work/rnx-bench/probes/one-install/target/published/state space'quote/rnx/sessions/session-2521051-1789815551826070646"
        }
      ],
      "trees": [
        {
          "root": "/home/me/work/rnx-bench/probes/one-install/target/published/state space'quote/rnx/sessions/session-2521051-1789815551826070646",
          "blake3": "1a53b1e6f07321e03275f64cbf7db27167a2a2e76a7c466371033dfccc7cb1af",
          "files": [
            {
              "path": "entry.rn",
              "executable": false,
              "bytes": 22,
              "blake3": "8b488ddd76642b333920f1dd412cf191dcc0263a20e7803502a4b5323ad44fb0"
            },
            {
              "path": "rnx.toml",
              "executable": false,
              "bytes": 483,
              "blake3": "cf854975b068df49b41d052f3367a762def8dfe09bfc998744da9270df5429bd"
            }
          ]
        }
      ],
      "outside_manifests": []
    },
    "native": {
      "platform": "linux-x86_64",
      "packages": [],
      "trees": [],
      "external": [
        {
          "path": "/.cargo/config",
          "file": null
        },
        {
          "path": "/.cargo/config.toml",
          "file": null
        },
        {
          "path": "/Cargo.toml",
          "file": null
        },
        {
          "path": "/home/.cargo/config",
          "file": null
        },
        {
          "path": "/home/.cargo/config.toml",
          "file": null
        },
        {
          "path": "/home/Cargo.toml",
          "file": null
        },
        {
          "path": "/home/me/.cargo/config",
          "file": null
        },
        {
          "path": "/home/me/.cargo/config.toml",
          "file": null
        },
        {
          "path": "/home/me/Cargo.toml",
          "file": null
        },
        {
          "path": "/home/me/rust-toolchain",
          "file": null
        },
        {
          "path": "/home/me/rust-toolchain.toml",
          "file": null
        },
        {
          "path": "/home/me/work/.cargo/config",
          "file": null
        },
        {
          "path": "/home/me/work/.cargo/config.toml",
          "file": null
        },
        {
          "path": "/home/me/work/Cargo.toml",
          "file": null
        },
        {
          "path": "/home/me/work/rnx-bench/.cargo/config",
          "file": null
        },
        {
          "path": "/home/me/work/rnx-bench/.cargo/config.toml",
          "file": null
        },
        {
          "path": "/home/me/work/rnx-bench/Cargo.toml",
          "file": null
        },
        {
          "path": "/home/me/work/rnx-bench/probes/.cargo/config",
          "file": null
        },
        {
          "path": "/home/me/work/rnx-bench/probes/.cargo/config.toml",
          "file": null
        },
        {
          "path": "/home/me/work/rnx-bench/probes/Cargo.toml",
          "file": null
        },
        {
          "path": "/home/me/work/rnx-bench/probes/one-install/.cargo/config",
          "file": null
        },
        {
          "path": "/home/me/work/rnx-bench/probes/one-install/.cargo/config.toml",
          "file": null
        },
        {
          "path": "/home/me/work/rnx-bench/probes/one-install/Cargo.toml",
          "file": null
        },
        {
          "path": "/home/me/work/rnx-bench/probes/one-install/rust-toolchain",
          "file": null
        },
        {
          "path": "/home/me/work/rnx-bench/probes/one-install/rust-toolchain.toml",
          "file": null
        },
        {
          "path": "/home/me/work/rnx-bench/probes/one-install/target/.cargo/config",
          "file": null
        },
        {
          "path": "/home/me/work/rnx-bench/probes/one-install/target/.cargo/config.toml",
          "file": null
        },
        {
          "path": "/home/me/work/rnx-bench/probes/one-install/target/Cargo.toml",
          "file": null
        },
        {
          "path": "/home/me/work/rnx-bench/probes/one-install/target/published/.cargo/config",
          "file": null
        },
        {
          "path": "/home/me/work/rnx-bench/probes/one-install/target/published/.cargo/config.toml",
          "file": null
        },
        {
          "path": "/home/me/work/rnx-bench/probes/one-install/target/published/Cargo.toml",
          "file": null
        },
        {
          "path": "/home/me/work/rnx-bench/probes/one-install/target/published/cache/.cargo/config",
          "file": null
        },
        {
          "path": "/home/me/work/rnx-bench/probes/one-install/target/published/cache/.cargo/config.toml",
          "file": null
        },
        {
          "path": "/home/me/work/rnx-bench/probes/one-install/target/published/cache/Cargo.toml",
          "file": null
        },
        {
          "path": "/home/me/work/rnx-bench/probes/one-install/target/published/cache/rust-toolchain",
          "file": null
        },
        {
          "path": "/home/me/work/rnx-bench/probes/one-install/target/published/cache/rust-toolchain.toml",
          "file": null
        },
        {
          "path": "/home/me/work/rnx-bench/probes/one-install/target/published/cargo/.cargo/config",
          "file": null
        },
        {
          "path": "/home/me/work/rnx-bench/probes/one-install/target/published/cargo/.cargo/config.toml",
          "file": null
        },
        {
          "path": "/home/me/work/rnx-bench/probes/one-install/target/published/cargo/Cargo.toml",
          "file": null
        },
        {
          "path": "/home/me/work/rnx-bench/probes/one-install/target/published/cargo/config",
          "file": null
        },
        {
          "path": "/home/me/work/rnx-bench/probes/one-install/target/published/cargo/config.toml",
          "file": null
        },
        {
          "path": "/home/me/work/rnx-bench/probes/one-install/target/published/cargo/git/.cargo/config",
          "file": null
        },
        {
          "path": "/home/me/work/rnx-bench/probes/one-install/target/published/cargo/git/.cargo/config.toml",
          "file": null
        },
        {
          "path": "/home/me/work/rnx-bench/probes/one-install/target/published/cargo/git/Cargo.toml",
          "file": null
        },
        {
          "path": "/home/me/work/rnx-bench/probes/one-install/target/published/cargo/git/checkouts/.cargo/config",
          "file": null
        },
        {
          "path": "/home/me/work/rnx-bench/probes/one-install/target/published/cargo/git/checkouts/.cargo/config.toml",
          "file": null
        },
        {
          "path": "/home/me/work/rnx-bench/probes/one-install/target/published/cargo/git/checkouts/Cargo.toml",
          "file": null
        },
        {
          "path": "/home/me/work/rnx-bench/probes/one-install/target/published/cargo/git/checkouts/rnx-56432e7f0784caaf/.cargo/config",
          "file": null
        },
        {
          "path": "/home/me/work/rnx-bench/probes/one-install/target/published/cargo/git/checkouts/rnx-56432e7f0784caaf/.cargo/config.toml",
          "file": null
        },
        {
          "path": "/home/me/work/rnx-bench/probes/one-install/target/published/cargo/git/checkouts/rnx-56432e7f0784caaf/Cargo.toml",
          "file": null
        },
        {
          "path": "/home/me/work/rnx-bench/probes/one-install/target/published/cargo/git/checkouts/rnx-56432e7f0784caaf/rust-toolchain",
          "file": null
        },
        {
          "path": "/home/me/work/rnx-bench/probes/one-install/target/published/cargo/git/checkouts/rnx-56432e7f0784caaf/rust-toolchain.toml",
          "file": null
        },
        {
          "path": "/home/me/work/rnx-bench/probes/one-install/target/published/cargo/git/checkouts/rust-toolchain",
          "file": null
        },
        {
          "path": "/home/me/work/rnx-bench/probes/one-install/target/published/cargo/git/checkouts/rust-toolchain.toml",
          "file": null
        },
        {
          "path": "/home/me/work/rnx-bench/probes/one-install/target/published/cargo/git/rust-toolchain",
          "file": null
        },
        {
          "path": "/home/me/work/rnx-bench/probes/one-install/target/published/cargo/git/rust-toolchain.toml",
          "file": null
        },
        {
          "path": "/home/me/work/rnx-bench/probes/one-install/target/published/cargo/rust-toolchain",
          "file": null
        },
        {
          "path": "/home/me/work/rnx-bench/probes/one-install/target/published/cargo/rust-toolchain.toml",
          "file": null
        },
        {
          "path": "/home/me/work/rnx-bench/probes/one-install/target/published/rust-toolchain",
          "file": null
        },
        {
          "path": "/home/me/work/rnx-bench/probes/one-install/target/published/rust-toolchain.toml",
          "file": null
        },
        {
          "path": "/home/me/work/rnx-bench/probes/one-install/target/rust-toolchain",
          "file": null
        },
        {
          "path": "/home/me/work/rnx-bench/probes/one-install/target/rust-toolchain.toml",
          "file": null
        },
        {
          "path": "/home/me/work/rnx-bench/probes/rust-toolchain",
          "file": null
        },
        {
          "path": "/home/me/work/rnx-bench/probes/rust-toolchain.toml",
          "file": null
        },
        {
          "path": "/home/me/work/rnx-bench/rust-toolchain",
          "file": null
        },
        {
          "path": "/home/me/work/rnx-bench/rust-toolchain.toml",
          "file": null
        },
        {
          "path": "/home/me/work/rust-toolchain",
          "file": null
        },
        {
          "path": "/home/me/work/rust-toolchain.toml",
          "file": null
        },
        {
          "path": "/home/rust-toolchain",
          "file": null
        },
        {
          "path": "/home/rust-toolchain.toml",
          "file": null
        },
        {
          "path": "/rust-toolchain",
          "file": null
        },
        {
          "path": "/rust-toolchain.toml",
          "file": null
        }
      ]
    }
  },
  "git": [
    {
      "id": "git+https://github.com/nilket-com/rnx?rev=7ae886305aea33312a061cbafbebbb49ff8bc8c4#0.0.0",
      "name": "rnx",
      "url": "https://github.com/nilket-com/rnx",
      "revision": "7ae886305aea33312a061cbafbebbb49ff8bc8c4",
      "checkout": "/home/me/work/rnx-bench/probes/one-install/target/published/cargo/git/checkouts/rnx-56432e7f0784caaf/7ae8863",
      "manifest": "Cargo.toml"
    },
    {
      "id": "git+https://github.com/nilket-com/rnx?rev=7ae886305aea33312a061cbafbebbb49ff8bc8c4#rnx-polars@0.0.0",
      "name": "rnx-polars",
      "url": "https://github.com/nilket-com/rnx",
      "revision": "7ae886305aea33312a061cbafbebbb49ff8bc8c4",
      "checkout": "/home/me/work/rnx-bench/probes/one-install/target/published/cargo/git/checkouts/rnx-56432e7f0784caaf/7ae8863",
      "manifest": "adapters/polars/Cargo.toml"
    },
    {
      "id": "git+https://github.com/nilket-com/rnx?rev=7ae886305aea33312a061cbafbebbb49ff8bc8c4#rnx-postgres@0.0.0",
      "name": "rnx-postgres",
      "url": "https://github.com/nilket-com/rnx",
      "revision": "7ae886305aea33312a061cbafbebbb49ff8bc8c4",
      "checkout": "/home/me/work/rnx-bench/probes/one-install/target/published/cargo/git/checkouts/rnx-56432e7f0784caaf/7ae8863",
      "manifest": "adapters/postgres/Cargo.toml"
    }
  ],
  "assembly": {
    "kind": "shared",
    "identity": "{\"format\":3,\"generator\":3,\"context\":{\"cache_root\":\"/home/me/work/rnx-bench/probes/one-install/target/published/cache\",\"cargo_home\":\"/home/me/work/rnx-bench/probes/one-install/target/published/cargo\",\"rustup_home\":null,\"rustup_toolchain\":null,\"rustc\":\"rustc 1.98.1 (48a229cea 2026-09-01)\\nbinary: rustc\\ncommit-hash: 48a229ceaefd4985c50990b14116b6d856af0985\\ncommit-date: 2026-09-01\\nhost: x86_64-unknown-linux-gnu\\nrelease: 1.98.1\\nLLVM version: 22.1.8\\n\",\"cargo\":\"cargo 1.98.1 (797e8a9bc 2026-08-05)\\n\",\"target\":\"x86_64-unknown-linux-gnu\",\"profile\":\"release\",\"features\":[\"project-sources\"]},\"manifest\":\"[dependencies.native_0]\\ndefault-features = true\\ngit = \\\"https://github.com/nilket-com/rnx\\\"\\npackage = \\\"rnx-polars\\\"\\nrev = \\\"7ae886305aea33312a061cbafbebbb49ff8bc8c4\\\"\\n\\n[dependencies.native_1]\\ndefault-features = true\\ngit = \\\"https://github.com/nilket-com/rnx\\\"\\npackage = \\\"rnx-postgres\\\"\\nrev = \\\"7ae886305aea33312a061cbafbebbb49ff8bc8c4\\\"\\n\\n[dependencies.rnx]\\ndefault-features = false\\nfeatures = [\\\"count-allocations\\\", \\\"project-sources\\\"]\\ngit = \\\"https://github.com/nilket-com/rnx\\\"\\nrev = \\\"7ae886305aea33312a061cbafbebbb49ff8bc8c4\\\"\\n\\n[package]\\nedition = \\\"2024\\\"\\nname = \\\"rnx-project-app\\\"\\npublish = false\\nversion = \\\"0.0.0\\\"\\n\\n[workspace]\\n\",\"main\":\"fn main() -> Result<(), Box<dyn std::error::Error>> {\\n    rnx::main_with(rnx::Extensions::none().with(\\\"polars\\\", native_0::build).with_lifecycle(\\\"postgres\\\", native_1::build))\\n}\\n\",\"cargo_lock_blake3\":\"a07a9fe8049d3d030eec39ddce259e451af728cef63438fefbfcc30ace92660e\",\"native\":{\"platform\":\"linux-x86_64\",\"packages\":[],\"trees\":[],\"external\":[{\"path\":\"/.cargo/config\",\"file\":null},{\"path\":\"/.cargo/config.toml\",\"file\":null},{\"path\":\"/Cargo.toml\",\"file\":null},{\"path\":\"/home/.cargo/config\",\"file\":null},{\"path\":\"/home/.cargo/config.toml\",\"file\":null},{\"path\":\"/home/Cargo.toml\",\"file\":null},{\"path\":\"/home/me/.cargo/config\",\"file\":null},{\"path\":\"/home/me/.cargo/config.toml\",\"file\":null},{\"path\":\"/home/me/Cargo.toml\",\"file\":null},{\"path\":\"/home/me/rust-toolchain\",\"file\":null},{\"path\":\"/home/me/rust-toolchain.toml\",\"file\":null},{\"path\":\"/home/me/work/.cargo/config\",\"file\":null},{\"path\":\"/home/me/work/.cargo/config.toml\",\"file\":null},{\"path\":\"/home/me/work/Cargo.toml\",\"file\":null},{\"path\":\"/home/me/work/rnx-bench/.cargo/config\",\"file\":null},{\"path\":\"/home/me/work/rnx-bench/.cargo/config.toml\",\"file\":null},{\"path\":\"/home/me/work/rnx-bench/Cargo.toml\",\"file\":null},{\"path\":\"/home/me/work/rnx-bench/probes/.cargo/config\",\"file\":null},{\"path\":\"/home/me/work/rnx-bench/probes/.cargo/config.toml\",\"file\":null},{\"path\":\"/home/me/work/rnx-bench/probes/Cargo.toml\",\"file\":null},{\"path\":\"/home/me/work/rnx-bench/probes/one-install/.cargo/config\",\"file\":null},{\"path\":\"/home/me/work/rnx-bench/probes/one-install/.cargo/config.toml\",\"file\":null},{\"path\":\"/home/me/work/rnx-bench/probes/one-install/Cargo.toml\",\"file\":null},{\"path\":\"/home/me/work/rnx-bench/probes/one-install/rust-toolchain\",\"file\":null},{\"path\":\"/home/me/work/rnx-bench/probes/one-install/rust-toolchain.toml\",\"file\":null},{\"path\":\"/home/me/work/rnx-bench/probes/one-install/target/.cargo/config\",\"file\":null},{\"path\":\"/home/me/work/rnx-bench/probes/one-install/target/.cargo/config.toml\",\"file\":null},{\"path\":\"/home/me/work/rnx-bench/probes/one-install/target/Cargo.toml\",\"file\":null},{\"path\":\"/home/me/work/rnx-bench/probes/one-install/target/published/.cargo/config\",\"file\":null},{\"path\":\"/home/me/work/rnx-bench/probes/one-install/target/published/.cargo/config.toml\",\"file\":null},{\"path\":\"/home/me/work/rnx-bench/probes/one-install/target/published/Cargo.toml\",\"file\":null},{\"path\":\"/home/me/work/rnx-bench/probes/one-install/target/published/cache/.cargo/config\",\"file\":null},{\"path\":\"/home/me/work/rnx-bench/probes/one-install/target/published/cache/.cargo/config.toml\",\"file\":null},{\"path\":\"/home/me/work/rnx-bench/probes/one-install/target/published/cache/Cargo.toml\",\"file\":null},{\"path\":\"/home/me/work/rnx-bench/probes/one-install/target/published/cache/rust-toolchain\",\"file\":null},{\"path\":\"/home/me/work/rnx-bench/probes/one-install/target/published/cache/rust-toolchain.toml\",\"file\":null},{\"path\":\"/home/me/work/rnx-bench/probes/one-install/target/published/cargo/.cargo/config\",\"file\":null},{\"path\":\"/home/me/work/rnx-bench/probes/one-install/target/published/cargo/.cargo/config.toml\",\"file\":null},{\"path\":\"/home/me/work/rnx-bench/probes/one-install/target/published/cargo/Cargo.toml\",\"file\":null},{\"path\":\"/home/me/work/rnx-bench/probes/one-install/target/published/cargo/config\",\"file\":null},{\"path\":\"/home/me/work/rnx-bench/probes/one-install/target/published/cargo/config.toml\",\"file\":null},{\"path\":\"/home/me/work/rnx-bench/probes/one-install/target/published/cargo/git/.cargo/config\",\"file\":null},{\"path\":\"/home/me/work/rnx-bench/probes/one-install/target/published/cargo/git/.cargo/config.toml\",\"file\":null},{\"path\":\"/home/me/work/rnx-bench/probes/one-install/target/published/cargo/git/Cargo.toml\",\"file\":null},{\"path\":\"/home/me/work/rnx-bench/probes/one-install/target/published/cargo/git/checkouts/.cargo/config\",\"file\":null},{\"path\":\"/home/me/work/rnx-bench/probes/one-install/target/published/cargo/git/checkouts/.cargo/config.toml\",\"file\":null},{\"path\":\"/home/me/work/rnx-bench/probes/one-install/target/published/cargo/git/checkouts/Cargo.toml\",\"file\":null},{\"path\":\"/home/me/work/rnx-bench/probes/one-install/target/published/cargo/git/checkouts/rnx-56432e7f0784caaf/.cargo/config\",\"file\":null},{\"path\":\"/home/me/work/rnx-bench/probes/one-install/target/published/cargo/git/checkouts/rnx-56432e7f0784caaf/.cargo/config.toml\",\"file\":null},{\"path\":\"/home/me/work/rnx-bench/probes/one-install/target/published/cargo/git/checkouts/rnx-56432e7f0784caaf/Cargo.toml\",\"file\":null},{\"path\":\"/home/me/work/rnx-bench/probes/one-install/target/published/cargo/git/checkouts/rnx-56432e7f0784caaf/rust-toolchain\",\"file\":null},{\"path\":\"/home/me/work/rnx-bench/probes/one-install/target/published/cargo/git/checkouts/rnx-56432e7f0784caaf/rust-toolchain.toml\",\"file\":null},{\"path\":\"/home/me/work/rnx-bench/probes/one-install/target/published/cargo/git/checkouts/rust-toolchain\",\"file\":null},{\"path\":\"/home/me/work/rnx-bench/probes/one-install/target/published/cargo/git/checkouts/rust-toolchain.toml\",\"file\":null},{\"path\":\"/home/me/work/rnx-bench/probes/one-install/target/published/cargo/git/rust-toolchain\",\"file\":null},{\"path\":\"/home/me/work/rnx-bench/probes/one-install/target/published/cargo/git/rust-toolchain.toml\",\"file\":null},{\"path\":\"/home/me/work/rnx-bench/probes/one-install/target/published/cargo/rust-toolchain\",\"file\":null},{\"path\":\"/home/me/work/rnx-bench/probes/one-install/target/published/cargo/rust-toolchain.toml\",\"file\":null},{\"path\":\"/home/me/work/rnx-bench/probes/one-install/target/published/rust-toolchain\",\"file\":null},{\"path\":\"/home/me/work/rnx-bench/probes/one-install/target/published/rust-toolchain.toml\",\"file\":null},{\"path\":\"/home/me/work/rnx-bench/probes/one-install/target/rust-toolchain\",\"file\":null},{\"path\":\"/home/me/work/rnx-bench/probes/one-install/target/rust-toolchain.toml\",\"file\":null},{\"path\":\"/home/me/work/rnx-bench/probes/rust-toolchain\",\"file\":null},{\"path\":\"/home/me/work/rnx-bench/probes/rust-toolchain.toml\",\"file\":null},{\"path\":\"/home/me/work/rnx-bench/rust-toolchain\",\"file\":null},{\"path\":\"/home/me/work/rnx-bench/rust-toolchain.toml\",\"file\":null},{\"path\":\"/home/me/work/rust-toolchain\",\"file\":null},{\"path\":\"/home/me/work/rust-toolchain.toml\",\"file\":null},{\"path\":\"/home/rust-toolchain\",\"file\":null},{\"path\":\"/home/rust-toolchain.toml\",\"file\":null},{\"path\":\"/rust-toolchain\",\"file\":null},{\"path\":\"/rust-toolchain.toml\",\"file\":null}]},\"git\":[{\"id\":\"git+https://github.com/nilket-com/rnx?rev=7ae886305aea33312a061cbafbebbb49ff8bc8c4#0.0.0\",\"name\":\"rnx\",\"url\":\"https://github.com/nilket-com/rnx\",\"revision\":\"7ae886305aea33312a061cbafbebbb49ff8bc8c4\",\"checkout\":\"/home/me/work/rnx-bench/probes/one-install/target/published/cargo/git/checkouts/rnx-56432e7f0784caaf/7ae8863\",\"manifest\":\"Cargo.toml\"},{\"id\":\"git+https://github.com/nilket-com/rnx?rev=7ae886305aea33312a061cbafbebbb49ff8bc8c4#rnx-polars@0.0.0\",\"name\":\"rnx-polars\",\"url\":\"https://github.com/nilket-com/rnx\",\"revision\":\"7ae886305aea33312a061cbafbebbb49ff8bc8c4\",\"checkout\":\"/home/me/work/rnx-bench/probes/one-install/target/published/cargo/git/checkouts/rnx-56432e7f0784caaf/7ae8863\",\"manifest\":\"adapters/polars/Cargo.toml\"},{\"id\":\"git+https://github.com/nilket-com/rnx?rev=7ae886305aea33312a061cbafbebbb49ff8bc8c4#rnx-postgres@0.0.0\",\"name\":\"rnx-postgres\",\"url\":\"https://github.com/nilket-com/rnx\",\"revision\":\"7ae886305aea33312a061cbafbebbb49ff8bc8c4\",\"checkout\":\"/home/me/work/rnx-bench/probes/one-install/target/published/cargo/git/checkouts/rnx-56432e7f0784caaf/7ae8863\",\"manifest\":\"adapters/postgres/Cargo.toml\"}]}"
  }
}