{
  "format": 1,
  "declarations": {
    "format": 1,
    "application": {
      "entry": "main.rn"
    },
    "runtime": {
      "path": "/tmp/rnx-assembly-key-yc4vxyoq/moved/runtime"
    },
    "sources": {},
    "native": {
      "probe": {
        "path": "/tmp/rnx-assembly-key-yc4vxyoq/moved/adapter",
        "package": "probe-adapter",
        "builder": "build",
        "hook": "plain"
      }
    }
  },
  "sources": {
    "format": 1,
    "entry": "/tmp/rnx-assembly-key-yc4vxyoq/path-sensitive-b/main.rn",
    "mounts": []
  },
  "inputs": {
    "source": {
      "packages": [
        {
          "manifest": "/tmp/rnx-assembly-key-yc4vxyoq/path-sensitive-b/rnx.toml",
          "root": "/tmp/rnx-assembly-key-yc4vxyoq/path-sensitive-b"
        }
      ],
      "trees": [
        {
          "root": "/tmp/rnx-assembly-key-yc4vxyoq/path-sensitive-b",
          "sha256": "29d9eebc8d9a293c858c549b0f2ac12ccb1e7d5b6911a95f4f8deef5fd10ce45",
          "files": [
            {
              "path": "main.rn",
              "executable": false,
              "bytes": 20,
              "sha256": "3d0f8ed836b57c4b73da5e367ffa294287440fa1c4154008b1c527863df538d0"
            },
            {
              "path": "rnx.toml",
              "executable": false,
              "bytes": 221,
              "sha256": "97de43a98b89c600a9253dddf89aa3fe16d5f0b4d06d37fe049e7137ae657b39"
            }
          ]
        }
      ],
      "outside_manifests": []
    },
    "native": {
      "platform": "linux-x86_64",
      "packages": [
        {
          "id": "path+file:///tmp/rnx-assembly-key-yc4vxyoq/moved/adapter#probe-adapter@0.0.0",
          "name": "probe-adapter",
          "manifest": "/tmp/rnx-assembly-key-yc4vxyoq/moved/adapter/Cargo.toml",
          "root": "/tmp/rnx-assembly-key-yc4vxyoq/moved/adapter"
        },
        {
          "id": "path+file:///tmp/rnx-assembly-key-yc4vxyoq/moved/runtime#rnx@0.0.0",
          "name": "rnx",
          "manifest": "/tmp/rnx-assembly-key-yc4vxyoq/moved/runtime/Cargo.toml",
          "root": "/tmp/rnx-assembly-key-yc4vxyoq/moved/runtime"
        }
      ],
      "trees": [
        {
          "root": "/tmp/rnx-assembly-key-yc4vxyoq/moved/adapter",
          "sha256": "a7936071ca917948df10a4172b3ec6e78d08538dce52fbeee535d860f67decde",
          "files": [
            {
              "path": "Cargo.toml",
              "executable": false,
              "bytes": 62,
              "sha256": "8f5aa591e89d912bc8b6bc874eca8c90725d684efb6e11c6fbd87fa2a6a413a2"
            },
            {
              "path": "src/lib.rs",
              "executable": false,
              "bytes": 59,
              "sha256": "1d03e61bddb5093d54e7036d3632140b27287d70f2f0a5ba1914259e70791aa8"
            }
          ]
        },
        {
          "root": "/tmp/rnx-assembly-key-yc4vxyoq/moved/runtime",
          "sha256": "ed23f91f2668b367d409288511935749c34198883cda4404e351d27d3ef97c7a",
          "files": [
            {
              "path": "Cargo.toml",
              "executable": false,
              "bytes": 82,
              "sha256": "52a16e8fda5321c0e8cb31598c99bbac571303f2abaab6aa50bc2da7bffe101f"
            },
            {
              "path": "src/lib.rs",
              "executable": false,
              "bytes": 283,
              "sha256": "17a36c76f893e8d04934044827aadd071a3280a2ccf1ddc25eed014e07a81844"
            }
          ]
        }
      ],
      "external": [
        {
          "path": "/.cargo/config",
          "file": null
        },
        {
          "path": "/.cargo/config.toml",
          "file": null
        },
        {
          "path": "/Cargo.toml",
          "file": null
        },
        {
          "path": "/home/me/.cargo/config",
          "file": null
        },
        {
          "path": "/home/me/.cargo/config.toml",
          "file": null
        },
        {
          "path": "/rust-toolchain",
          "file": null
        },
        {
          "path": "/rust-toolchain.toml",
          "file": null
        },
        {
          "path": "/tmp/.cargo/config",
          "file": null
        },
        {
          "path": "/tmp/.cargo/config.toml",
          "file": null
        },
        {
          "path": "/tmp/Cargo.toml",
          "file": null
        },
        {
          "path": "/tmp/rnx-assembly-key-yc4vxyoq/.cargo/config",
          "file": null
        },
        {
          "path": "/tmp/rnx-assembly-key-yc4vxyoq/.cargo/config.toml",
          "file": null
        },
        {
          "path": "/tmp/rnx-assembly-key-yc4vxyoq/Cargo.toml",
          "file": null
        },
        {
          "path": "/tmp/rnx-assembly-key-yc4vxyoq/moved/.cargo/config",
          "file": null
        },
        {
          "path": "/tmp/rnx-assembly-key-yc4vxyoq/moved/.cargo/config.toml",
          "file": null
        },
        {
          "path": "/tmp/rnx-assembly-key-yc4vxyoq/moved/Cargo.toml",
          "file": null
        },
        {
          "path": "/tmp/rnx-assembly-key-yc4vxyoq/moved/adapter/.cargo/config",
          "file": null
        },
        {
          "path": "/tmp/rnx-assembly-key-yc4vxyoq/moved/adapter/.cargo/config.toml",
          "file": null
        },
        {
          "path": "/tmp/rnx-assembly-key-yc4vxyoq/moved/adapter/Cargo.toml",
          "file": {
            "path": "Cargo.toml",
            "executable": false,
            "bytes": 62,
            "sha256": "8f5aa591e89d912bc8b6bc874eca8c90725d684efb6e11c6fbd87fa2a6a413a2"
          }
        },
        {
          "path": "/tmp/rnx-assembly-key-yc4vxyoq/moved/adapter/rust-toolchain",
          "file": null
        },
        {
          "path": "/tmp/rnx-assembly-key-yc4vxyoq/moved/adapter/rust-toolchain.toml",
          "file": null
        },
        {
          "path": "/tmp/rnx-assembly-key-yc4vxyoq/moved/runtime/.cargo/config",
          "file": null
        },
        {
          "path": "/tmp/rnx-assembly-key-yc4vxyoq/moved/runtime/.cargo/config.toml",
          "file": null
        },
        {
          "path": "/tmp/rnx-assembly-key-yc4vxyoq/moved/runtime/Cargo.toml",
          "file": {
            "path": "Cargo.toml",
            "executable": false,
            "bytes": 82,
            "sha256": "52a16e8fda5321c0e8cb31598c99bbac571303f2abaab6aa50bc2da7bffe101f"
          }
        },
        {
          "path": "/tmp/rnx-assembly-key-yc4vxyoq/moved/runtime/rust-toolchain",
          "file": null
        },
        {
          "path": "/tmp/rnx-assembly-key-yc4vxyoq/moved/runtime/rust-toolchain.toml",
          "file": null
        },
        {
          "path": "/tmp/rnx-assembly-key-yc4vxyoq/moved/rust-toolchain",
          "file": null
        },
        {
          "path": "/tmp/rnx-assembly-key-yc4vxyoq/moved/rust-toolchain.toml",
          "file": null
        },
        {
          "path": "/tmp/rnx-assembly-key-yc4vxyoq/path-sensitive-b/.cargo/config",
          "file": null
        },
        {
          "path": "/tmp/rnx-assembly-key-yc4vxyoq/path-sensitive-b/.cargo/config.toml",
          "file": null
        },
        {
          "path": "/tmp/rnx-assembly-key-yc4vxyoq/path-sensitive-b/Cargo.toml",
          "file": null
        },
        {
          "path": "/tmp/rnx-assembly-key-yc4vxyoq/path-sensitive-b/rust-toolchain",
          "file": null
        },
        {
          "path": "/tmp/rnx-assembly-key-yc4vxyoq/path-sensitive-b/rust-toolchain.toml",
          "file": null
        },
        {
          "path": "/tmp/rnx-assembly-key-yc4vxyoq/rust-toolchain",
          "file": null
        },
        {
          "path": "/tmp/rnx-assembly-key-yc4vxyoq/rust-toolchain.toml",
          "file": null
        },
        {
          "path": "/tmp/rust-toolchain",
          "file": null
        },
        {
          "path": "/tmp/rust-toolchain.toml",
          "file": null
        }
      ]
    }
  },
  "assembly": {
    "kind": "generated",
    "manifest_sha256": "9b52e2864d188176427744181448cf809bf584cf597746d115fa6c1a0c3debb9",
    "main_sha256": "fdb03c944140dc8550473c5cf9f6f90ea987276238a376fca9eff794f57783f7",
    "cargo_lock_sha256": "147b3850a92d5e8fe19e1e76d053af6dcd3e5afb123c8bd36e7477103289b2d4",
    "target": "x86_64-unknown-linux-gnu",
    "profile": "release",
    "features": [
      "project-sources"
    ],
    "rustc": "rustc 1.98.1 (48a229cea 2026-09-01)\nbinary: rustc\ncommit-hash: 48a229ceaefd4985c50990b14116b6d856af0985\ncommit-date: 2026-09-01\nhost: x86_64-unknown-linux-gnu\nrelease: 1.98.1\nLLVM version: 22.1.8\n",
    "cargo": "cargo 1.98.1 (797e8a9bc 2026-08-05)\n"
  }
}