# This file is automatically @generated by Cargo.
# It is not intended for manual editing.
version = 4

[[package]]
name = "rnx"
version = "0.0.0"
source = "git+file:///home/me/work/rnx-bench/probes/git-source-workflow/target/tiny-source-clean?rev=18aaea2045771a6bff818834c0327798193bff86#18aaea2045771a6bff818834c0327798193bff86"

[[package]]
name = "rnx-project-app"
version = "0.0.0"
dependencies = [
 "rnx",
]
