# This file is automatically @generated by Cargo.
# It is not intended for manual editing.
version = 4

[[package]]
name = "probe-adapter"
version = "0.0.0"

[[package]]
name = "rnx"
version = "0.0.0"

[[package]]
name = "rnx-project-app"
version = "0.0.0"
dependencies = [
 "probe-adapter",
 "rnx",
]
