{
  "format": 4,
  "declarations": {
    "format": 2,
    "application": {
      "entry": "main.rn"
    },
    "runtime": {
      "git": "file:///home/me/work/rnx-bench/probes/git-source-workflow/target/tiny-source-clean",
      "rev": "18aaea2045771a6bff818834c0327798193bff86"
    },
    "sources": {},
    "native": {}
  },
  "sources": {
    "format": 1,
    "entry": "/home/me/work/rnx-bench/probes/git-source-workflow/target/tiny-b-clean/main.rn",
    "mounts": []
  },
  "inputs": {
    "source": {
      "packages": [
        {
          "manifest": "/home/me/work/rnx-bench/probes/git-source-workflow/target/tiny-b-clean/rnx.toml",
          "root": "/home/me/work/rnx-bench/probes/git-source-workflow/target/tiny-b-clean"
        }
      ],
      "trees": [
        {
          "root": "/home/me/work/rnx-bench/probes/git-source-workflow/target/tiny-b-clean",
          "blake3": "ac114af7cc4f167b97dbc3516fb07b4ddccad6c45937e08414e07969e99fc390",
          "files": [
            {
              "path": "main.rn",
              "executable": false,
              "bytes": 44,
              "blake3": "6a1dad9c859c1830a35dece55ab878131d078c0a0422551019917611e81330fc"
            },
            {
              "path": "rnx.toml",
              "executable": false,
              "bytes": 185,
              "blake3": "5a2931af4221657656604ee39bf046dd5e4430c205698dd132325254830bf9b5"
            }
          ]
        }
      ],
      "outside_manifests": []
    },
    "native": {
      "platform": "linux-x86_64",
      "packages": [],
      "trees": [],
      "external": [
        {
          "path": "/.cargo/config",
          "file": null
        },
        {
          "path": "/.cargo/config.toml",
          "file": null
        },
        {
          "path": "/Cargo.toml",
          "file": null
        },
        {
          "path": "/home/.cargo/config",
          "file": null
        },
        {
          "path": "/home/.cargo/config.toml",
          "file": null
        },
        {
          "path": "/home/Cargo.toml",
          "file": null
        },
        {
          "path": "/home/me/.cargo/config",
          "file": null
        },
        {
          "path": "/home/me/.cargo/config.toml",
          "file": null
        },
        {
          "path": "/home/me/Cargo.toml",
          "file": null
        },
        {
          "path": "/home/me/rust-toolchain",
          "file": null
        },
        {
          "path": "/home/me/rust-toolchain.toml",
          "file": null
        },
        {
          "path": "/home/me/work/.cargo/config",
          "file": null
        },
        {
          "path": "/home/me/work/.cargo/config.toml",
          "file": null
        },
        {
          "path": "/home/me/work/Cargo.toml",
          "file": null
        },
        {
          "path": "/home/me/work/rnx-bench/.cargo/config",
          "file": null
        },
        {
          "path": "/home/me/work/rnx-bench/.cargo/config.toml",
          "file": null
        },
        {
          "path": "/home/me/work/rnx-bench/Cargo.toml",
          "file": null
        },
        {
          "path": "/home/me/work/rnx-bench/probes/.cargo/config",
          "file": null
        },
        {
          "path": "/home/me/work/rnx-bench/probes/.cargo/config.toml",
          "file": null
        },
        {
          "path": "/home/me/work/rnx-bench/probes/Cargo.toml",
          "file": null
        },
        {
          "path": "/home/me/work/rnx-bench/probes/git-source-workflow/.cargo/config",
          "file": null
        },
        {
          "path": "/home/me/work/rnx-bench/probes/git-source-workflow/.cargo/config.toml",
          "file": null
        },
        {
          "path": "/home/me/work/rnx-bench/probes/git-source-workflow/Cargo.toml",
          "file": null
        },
        {
          "path": "/home/me/work/rnx-bench/probes/git-source-workflow/rust-toolchain",
          "file": null
        },
        {
          "path": "/home/me/work/rnx-bench/probes/git-source-workflow/rust-toolchain.toml",
          "file": null
        },
        {
          "path": "/home/me/work/rnx-bench/probes/git-source-workflow/target/.cargo/config",
          "file": null
        },
        {
          "path": "/home/me/work/rnx-bench/probes/git-source-workflow/target/.cargo/config.toml",
          "file": null
        },
        {
          "path": "/home/me/work/rnx-bench/probes/git-source-workflow/target/Cargo.toml",
          "file": null
        },
        {
          "path": "/home/me/work/rnx-bench/probes/git-source-workflow/target/cache/.cargo/config",
          "file": null
        },
        {
          "path": "/home/me/work/rnx-bench/probes/git-source-workflow/target/cache/.cargo/config.toml",
          "file": null
        },
        {
          "path": "/home/me/work/rnx-bench/probes/git-source-workflow/target/cache/Cargo.toml",
          "file": null
        },
        {
          "path": "/home/me/work/rnx-bench/probes/git-source-workflow/target/cache/rust-toolchain",
          "file": null
        },
        {
          "path": "/home/me/work/rnx-bench/probes/git-source-workflow/target/cache/rust-toolchain.toml",
          "file": null
        },
        {
          "path": "/home/me/work/rnx-bench/probes/git-source-workflow/target/cargo-home/.cargo/config",
          "file": null
        },
        {
          "path": "/home/me/work/rnx-bench/probes/git-source-workflow/target/cargo-home/.cargo/config.toml",
          "file": null
        },
        {
          "path": "/home/me/work/rnx-bench/probes/git-source-workflow/target/cargo-home/Cargo.toml",
          "file": null
        },
        {
          "path": "/home/me/work/rnx-bench/probes/git-source-workflow/target/cargo-home/config",
          "file": null
        },
        {
          "path": "/home/me/work/rnx-bench/probes/git-source-workflow/target/cargo-home/config.toml",
          "file": null
        },
        {
          "path": "/home/me/work/rnx-bench/probes/git-source-workflow/target/cargo-home/git/.cargo/config",
          "file": null
        },
        {
          "path": "/home/me/work/rnx-bench/probes/git-source-workflow/target/cargo-home/git/.cargo/config.toml",
          "file": null
        },
        {
          "path": "/home/me/work/rnx-bench/probes/git-source-workflow/target/cargo-home/git/Cargo.toml",
          "file": null
        },
        {
          "path": "/home/me/work/rnx-bench/probes/git-source-workflow/target/cargo-home/git/checkouts/.cargo/config",
          "file": null
        },
        {
          "path": "/home/me/work/rnx-bench/probes/git-source-workflow/target/cargo-home/git/checkouts/.cargo/config.toml",
          "file": null
        },
        {
          "path": "/home/me/work/rnx-bench/probes/git-source-workflow/target/cargo-home/git/checkouts/Cargo.toml",
          "file": null
        },
        {
          "path": "/home/me/work/rnx-bench/probes/git-source-workflow/target/cargo-home/git/checkouts/rust-toolchain",
          "file": null
        },
        {
          "path": "/home/me/work/rnx-bench/probes/git-source-workflow/target/cargo-home/git/checkouts/rust-toolchain.toml",
          "file": null
        },
        {
          "path": "/home/me/work/rnx-bench/probes/git-source-workflow/target/cargo-home/git/checkouts/tiny-source-clean-b0d6efb34c9612e0/.cargo/config",
          "file": null
        },
        {
          "path": "/home/me/work/rnx-bench/probes/git-source-workflow/target/cargo-home/git/checkouts/tiny-source-clean-b0d6efb34c9612e0/.cargo/config.toml",
          "file": null
        },
        {
          "path": "/home/me/work/rnx-bench/probes/git-source-workflow/target/cargo-home/git/checkouts/tiny-source-clean-b0d6efb34c9612e0/Cargo.toml",
          "file": null
        },
        {
          "path": "/home/me/work/rnx-bench/probes/git-source-workflow/target/cargo-home/git/checkouts/tiny-source-clean-b0d6efb34c9612e0/rust-toolchain",
          "file": null
        },
        {
          "path": "/home/me/work/rnx-bench/probes/git-source-workflow/target/cargo-home/git/checkouts/tiny-source-clean-b0d6efb34c9612e0/rust-toolchain.toml",
          "file": null
        },
        {
          "path": "/home/me/work/rnx-bench/probes/git-source-workflow/target/cargo-home/git/rust-toolchain",
          "file": null
        },
        {
          "path": "/home/me/work/rnx-bench/probes/git-source-workflow/target/cargo-home/git/rust-toolchain.toml",
          "file": null
        },
        {
          "path": "/home/me/work/rnx-bench/probes/git-source-workflow/target/cargo-home/rust-toolchain",
          "file": null
        },
        {
          "path": "/home/me/work/rnx-bench/probes/git-source-workflow/target/cargo-home/rust-toolchain.toml",
          "file": null
        },
        {
          "path": "/home/me/work/rnx-bench/probes/git-source-workflow/target/rust-toolchain",
          "file": null
        },
        {
          "path": "/home/me/work/rnx-bench/probes/git-source-workflow/target/rust-toolchain.toml",
          "file": null
        },
        {
          "path": "/home/me/work/rnx-bench/probes/rust-toolchain",
          "file": null
        },
        {
          "path": "/home/me/work/rnx-bench/probes/rust-toolchain.toml",
          "file": null
        },
        {
          "path": "/home/me/work/rnx-bench/rust-toolchain",
          "file": null
        },
        {
          "path": "/home/me/work/rnx-bench/rust-toolchain.toml",
          "file": null
        },
        {
          "path": "/home/me/work/rust-toolchain",
          "file": null
        },
        {
          "path": "/home/me/work/rust-toolchain.toml",
          "file": null
        },
        {
          "path": "/home/rust-toolchain",
          "file": null
        },
        {
          "path": "/home/rust-toolchain.toml",
          "file": null
        },
        {
          "path": "/rust-toolchain",
          "file": null
        },
        {
          "path": "/rust-toolchain.toml",
          "file": null
        }
      ]
    }
  },
  "git": [
    {
      "id": "git+file:///home/me/work/rnx-bench/probes/git-source-workflow/target/tiny-source-clean?rev=18aaea2045771a6bff818834c0327798193bff86#rnx@0.0.0",
      "name": "rnx",
      "url": "file:///home/me/work/rnx-bench/probes/git-source-workflow/target/tiny-source-clean",
      "revision": "18aaea2045771a6bff818834c0327798193bff86",
      "checkout": "/home/me/work/rnx-bench/probes/git-source-workflow/target/cargo-home/git/checkouts/tiny-source-clean-b0d6efb34c9612e0/18aaea2",
      "manifest": "Cargo.toml"
    }
  ],
  "assembly": {
    "kind": "shared",
    "identity": "{\"format\":3,\"generator\":3,\"context\":{\"cache_root\":\"/home/me/work/rnx-bench/probes/git-source-workflow/target/cache\",\"cargo_home\":\"/home/me/work/rnx-bench/probes/git-source-workflow/target/cargo-home\",\"rustup_home\":null,\"rustup_toolchain\":null,\"rustc\":\"rustc 1.98.1 (48a229cea 2026-09-01)\\nbinary: rustc\\ncommit-hash: 48a229ceaefd4985c50990b14116b6d856af0985\\ncommit-date: 2026-09-01\\nhost: x86_64-unknown-linux-gnu\\nrelease: 1.98.1\\nLLVM version: 22.1.8\\n\",\"cargo\":\"cargo 1.98.1 (797e8a9bc 2026-08-05)\\n\",\"target\":\"x86_64-unknown-linux-gnu\",\"profile\":\"release\",\"features\":[\"project-sources\"]},\"manifest\":\"[dependencies.rnx]\\ndefault-features = false\\nfeatures = [\\\"count-allocations\\\", \\\"project-sources\\\"]\\ngit = \\\"file:///home/me/work/rnx-bench/probes/git-source-workflow/target/tiny-source-clean\\\"\\nrev = \\\"18aaea2045771a6bff818834c0327798193bff86\\\"\\n\\n[package]\\nedition = \\\"2024\\\"\\nname = \\\"rnx-project-app\\\"\\npublish = false\\nversion = \\\"0.0.0\\\"\\n\\n[workspace]\\n\",\"main\":\"fn main() -> Result<(), Box<dyn std::error::Error>> {\\n    rnx::main_with(rnx::Extensions::none())\\n}\\n\",\"cargo_lock_blake3\":\"710887d2130b833efbb107e9c64e09b1af4bf0d967112081aab68d0103f833c7\",\"native\":{\"platform\":\"linux-x86_64\",\"packages\":[],\"trees\":[],\"external\":[{\"path\":\"/.cargo/config\",\"file\":null},{\"path\":\"/.cargo/config.toml\",\"file\":null},{\"path\":\"/Cargo.toml\",\"file\":null},{\"path\":\"/home/.cargo/config\",\"file\":null},{\"path\":\"/home/.cargo/config.toml\",\"file\":null},{\"path\":\"/home/Cargo.toml\",\"file\":null},{\"path\":\"/home/me/.cargo/config\",\"file\":null},{\"path\":\"/home/me/.cargo/config.toml\",\"file\":null},{\"path\":\"/home/me/Cargo.toml\",\"file\":null},{\"path\":\"/home/me/rust-toolchain\",\"file\":null},{\"path\":\"/home/me/rust-toolchain.toml\",\"file\":null},{\"path\":\"/home/me/work/.cargo/config\",\"file\":null},{\"path\":\"/home/me/work/.cargo/config.toml\",\"file\":null},{\"path\":\"/home/me/work/Cargo.toml\",\"file\":null},{\"path\":\"/home/me/work/rnx-bench/.cargo/config\",\"file\":null},{\"path\":\"/home/me/work/rnx-bench/.cargo/config.toml\",\"file\":null},{\"path\":\"/home/me/work/rnx-bench/Cargo.toml\",\"file\":null},{\"path\":\"/home/me/work/rnx-bench/probes/.cargo/config\",\"file\":null},{\"path\":\"/home/me/work/rnx-bench/probes/.cargo/config.toml\",\"file\":null},{\"path\":\"/home/me/work/rnx-bench/probes/Cargo.toml\",\"file\":null},{\"path\":\"/home/me/work/rnx-bench/probes/git-source-workflow/.cargo/config\",\"file\":null},{\"path\":\"/home/me/work/rnx-bench/probes/git-source-workflow/.cargo/config.toml\",\"file\":null},{\"path\":\"/home/me/work/rnx-bench/probes/git-source-workflow/Cargo.toml\",\"file\":null},{\"path\":\"/home/me/work/rnx-bench/probes/git-source-workflow/rust-toolchain\",\"file\":null},{\"path\":\"/home/me/work/rnx-bench/probes/git-source-workflow/rust-toolchain.toml\",\"file\":null},{\"path\":\"/home/me/work/rnx-bench/probes/git-source-workflow/target/.cargo/config\",\"file\":null},{\"path\":\"/home/me/work/rnx-bench/probes/git-source-workflow/target/.cargo/config.toml\",\"file\":null},{\"path\":\"/home/me/work/rnx-bench/probes/git-source-workflow/target/Cargo.toml\",\"file\":null},{\"path\":\"/home/me/work/rnx-bench/probes/git-source-workflow/target/cache/.cargo/config\",\"file\":null},{\"path\":\"/home/me/work/rnx-bench/probes/git-source-workflow/target/cache/.cargo/config.toml\",\"file\":null},{\"path\":\"/home/me/work/rnx-bench/probes/git-source-workflow/target/cache/Cargo.toml\",\"file\":null},{\"path\":\"/home/me/work/rnx-bench/probes/git-source-workflow/target/cache/rust-toolchain\",\"file\":null},{\"path\":\"/home/me/work/rnx-bench/probes/git-source-workflow/target/cache/rust-toolchain.toml\",\"file\":null},{\"path\":\"/home/me/work/rnx-bench/probes/git-source-workflow/target/cargo-home/.cargo/config\",\"file\":null},{\"path\":\"/home/me/work/rnx-bench/probes/git-source-workflow/target/cargo-home/.cargo/config.toml\",\"file\":null},{\"path\":\"/home/me/work/rnx-bench/probes/git-source-workflow/target/cargo-home/Cargo.toml\",\"file\":null},{\"path\":\"/home/me/work/rnx-bench/probes/git-source-workflow/target/cargo-home/config\",\"file\":null},{\"path\":\"/home/me/work/rnx-bench/probes/git-source-workflow/target/cargo-home/config.toml\",\"file\":null},{\"path\":\"/home/me/work/rnx-bench/probes/git-source-workflow/target/cargo-home/git/.cargo/config\",\"file\":null},{\"path\":\"/home/me/work/rnx-bench/probes/git-source-workflow/target/cargo-home/git/.cargo/config.toml\",\"file\":null},{\"path\":\"/home/me/work/rnx-bench/probes/git-source-workflow/target/cargo-home/git/Cargo.toml\",\"file\":null},{\"path\":\"/home/me/work/rnx-bench/probes/git-source-workflow/target/cargo-home/git/checkouts/.cargo/config\",\"file\":null},{\"path\":\"/home/me/work/rnx-bench/probes/git-source-workflow/target/cargo-home/git/checkouts/.cargo/config.toml\",\"file\":null},{\"path\":\"/home/me/work/rnx-bench/probes/git-source-workflow/target/cargo-home/git/checkouts/Cargo.toml\",\"file\":null},{\"path\":\"/home/me/work/rnx-bench/probes/git-source-workflow/target/cargo-home/git/checkouts/rust-toolchain\",\"file\":null},{\"path\":\"/home/me/work/rnx-bench/probes/git-source-workflow/target/cargo-home/git/checkouts/rust-toolchain.toml\",\"file\":null},{\"path\":\"/home/me/work/rnx-bench/probes/git-source-workflow/target/cargo-home/git/checkouts/tiny-source-clean-b0d6efb34c9612e0/.cargo/config\",\"file\":null},{\"path\":\"/home/me/work/rnx-bench/probes/git-source-workflow/target/cargo-home/git/checkouts/tiny-source-clean-b0d6efb34c9612e0/.cargo/config.toml\",\"file\":null},{\"path\":\"/home/me/work/rnx-bench/probes/git-source-workflow/target/cargo-home/git/checkouts/tiny-source-clean-b0d6efb34c9612e0/Cargo.toml\",\"file\":null},{\"path\":\"/home/me/work/rnx-bench/probes/git-source-workflow/target/cargo-home/git/checkouts/tiny-source-clean-b0d6efb34c9612e0/rust-toolchain\",\"file\":null},{\"path\":\"/home/me/work/rnx-bench/probes/git-source-workflow/target/cargo-home/git/checkouts/tiny-source-clean-b0d6efb34c9612e0/rust-toolchain.toml\",\"file\":null},{\"path\":\"/home/me/work/rnx-bench/probes/git-source-workflow/target/cargo-home/git/rust-toolchain\",\"file\":null},{\"path\":\"/home/me/work/rnx-bench/probes/git-source-workflow/target/cargo-home/git/rust-toolchain.toml\",\"file\":null},{\"path\":\"/home/me/work/rnx-bench/probes/git-source-workflow/target/cargo-home/rust-toolchain\",\"file\":null},{\"path\":\"/home/me/work/rnx-bench/probes/git-source-workflow/target/cargo-home/rust-toolchain.toml\",\"file\":null},{\"path\":\"/home/me/work/rnx-bench/probes/git-source-workflow/target/rust-toolchain\",\"file\":null},{\"path\":\"/home/me/work/rnx-bench/probes/git-source-workflow/target/rust-toolchain.toml\",\"file\":null},{\"path\":\"/home/me/work/rnx-bench/probes/rust-toolchain\",\"file\":null},{\"path\":\"/home/me/work/rnx-bench/probes/rust-toolchain.toml\",\"file\":null},{\"path\":\"/home/me/work/rnx-bench/rust-toolchain\",\"file\":null},{\"path\":\"/home/me/work/rnx-bench/rust-toolchain.toml\",\"file\":null},{\"path\":\"/home/me/work/rust-toolchain\",\"file\":null},{\"path\":\"/home/me/work/rust-toolchain.toml\",\"file\":null},{\"path\":\"/home/rust-toolchain\",\"file\":null},{\"path\":\"/home/rust-toolchain.toml\",\"file\":null},{\"path\":\"/rust-toolchain\",\"file\":null},{\"path\":\"/rust-toolchain.toml\",\"file\":null}]},\"git\":[{\"id\":\"git+file:///home/me/work/rnx-bench/probes/git-source-workflow/target/tiny-source-clean?rev=18aaea2045771a6bff818834c0327798193bff86#rnx@0.0.0\",\"name\":\"rnx\",\"url\":\"file:///home/me/work/rnx-bench/probes/git-source-workflow/target/tiny-source-clean\",\"revision\":\"18aaea2045771a6bff818834c0327798193bff86\",\"checkout\":\"/home/me/work/rnx-bench/probes/git-source-workflow/target/cargo-home/git/checkouts/tiny-source-clean-b0d6efb34c9612e0/18aaea2\",\"manifest\":\"Cargo.toml\"}]}"
  }
}